// !$*UTF8*$!
{
	archiveVersion = 1;
	classes = {
	};
	objectVersion = 50;
	objects = {

/* Begin PBXBuildFile section */
		3F2405AC26FDE4900011BD49 /* ColorCell.swift in Sources */ = {isa = PBXBuildFile; fileRef = 3F2405AA26FDE4900011BD49 /* ColorCell.swift */; };
		3F2405AD26FDE4900011BD49 /* ColorCell.xib in Resources */ = {isa = PBXBuildFile; fileRef = 3F2405AB26FDE4900011BD49 /* ColorCell.xib */; };
		3F2405B026FDE8850011BD49 /* CurrencyCell.swift in Sources */ = {isa = PBXBuildFile; fileRef = 3F2405AE26FDE8850011BD49 /* CurrencyCell.swift */; };
		3F2405B126FDE8850011BD49 /* CurrencyCell.xib in Resources */ = {isa = PBXBuildFile; fileRef = 3F2405AF26FDE8850011BD49 /* CurrencyCell.xib */; };
		3F2405B626FDE9E00011BD49 /* TransactionCell.swift in Sources */ = {isa = PBXBuildFile; fileRef = 3F2405B426FDE9E00011BD49 /* TransactionCell.swift */; };
		3F2405B726FDE9E00011BD49 /* TransactionCell.xib in Resources */ = {isa = PBXBuildFile; fileRef = 3F2405B526FDE9E00011BD49 /* TransactionCell.xib */; };
		3F2405B926FE07B00011BD49 /* TransactionCellViewModel.swift in Sources */ = {isa = PBXBuildFile; fileRef = 3F2405B826FE07B00011BD49 /* TransactionCellViewModel.swift */; };
		3F2405BB26FE139C0011BD49 /* GlassButton.swift in Sources */ = {isa = PBXBuildFile; fileRef = 3F2405BA26FE139C0011BD49 /* GlassButton.swift */; };
		3F2405BD26FE17AD0011BD49 /* BarButton.swift in Sources */ = {isa = PBXBuildFile; fileRef = 3F2405BC26FE17AD0011BD49 /* BarButton.swift */; };
		3F246E2A2701ADD7000D1C61 /* GlassSegmentControl.swift in Sources */ = {isa = PBXBuildFile; fileRef = 3F246E292701ADD7000D1C61 /* GlassSegmentControl.swift */; };
		3F246E2C2701ADE9000D1C61 /* GlassSegmentControl.xib in Resources */ = {isa = PBXBuildFile; fileRef = 3F246E2B2701ADE9000D1C61 /* GlassSegmentControl.xib */; };
		3F246E312701EA12000D1C61 /* TransactionEntity+CoreDataClass.swift in Sources */ = {isa = PBXBuildFile; fileRef = 3F246E2D2701EA12000D1C61 /* TransactionEntity+CoreDataClass.swift */; };
		3F246E322701EA12000D1C61 /* TransactionEntity+CoreDataProperties.swift in Sources */ = {isa = PBXBuildFile; fileRef = 3F246E2E2701EA12000D1C61 /* TransactionEntity+CoreDataProperties.swift */; };
		3F246E332701EA12000D1C61 /* WalletEntity+CoreDataClass.swift in Sources */ = {isa = PBXBuildFile; fileRef = 3F246E2F2701EA12000D1C61 /* WalletEntity+CoreDataClass.swift */; };
		3F246E342701EA12000D1C61 /* WalletEntity+CoreDataProperties.swift in Sources */ = {isa = PBXBuildFile; fileRef = 3F246E302701EA12000D1C61 /* WalletEntity+CoreDataProperties.swift */; };
		3F246E382701EED4000D1C61 /* Coordinator.swift in Sources */ = {isa = PBXBuildFile; fileRef = 3F246E372701EED4000D1C61 /* Coordinator.swift */; };
		3F246E3A2701F1E5000D1C61 /* WalletListViewModel.swift in Sources */ = {isa = PBXBuildFile; fileRef = 3F246E392701F1E5000D1C61 /* WalletListViewModel.swift */; };
		3F246E3D2701F285000D1C61 /* CoreDataService.swift in Sources */ = {isa = PBXBuildFile; fileRef = 3F246E3C2701F285000D1C61 /* CoreDataService.swift */; };
		3F246E3F2701F76C000D1C61 /* CollectionController.swift in Sources */ = {isa = PBXBuildFile; fileRef = 3F246E3E2701F76C000D1C61 /* CollectionController.swift */; };
		3F246E422701FAFF000D1C61 /* CollectionViewLayout.swift in Sources */ = {isa = PBXBuildFile; fileRef = 3F246E412701FAFF000D1C61 /* CollectionViewLayout.swift */; };
		3F37C85426FC6867009F4EF4 /* Assets.swift in Sources */ = {isa = PBXBuildFile; fileRef = 3F37C85326FC6867009F4EF4 /* Assets.swift */; };
		3F37C85626FC7705009F4EF4 /* GlassView.swift in Sources */ = {isa = PBXBuildFile; fileRef = 3F37C85526FC7705009F4EF4 /* GlassView.swift */; };
		3F37C85B26FC7D42009F4EF4 /* WalletListController.swift in Sources */ = {isa = PBXBuildFile; fileRef = 3F37C85926FC7D42009F4EF4 /* WalletListController.swift */; };
		3F37C85C26FC7D42009F4EF4 /* WalletListController.xib in Resources */ = {isa = PBXBuildFile; fileRef = 3F37C85A26FC7D42009F4EF4 /* WalletListController.xib */; };
		3F37C85E26FC831F009F4EF4 /* GlassBar.swift in Sources */ = {isa = PBXBuildFile; fileRef = 3F37C85D26FC831F009F4EF4 /* GlassBar.swift */; };
		3F37C86026FC8352009F4EF4 /* GlassBar.xib in Resources */ = {isa = PBXBuildFile; fileRef = 3F37C85F26FC8352009F4EF4 /* GlassBar.xib */; };
		3F37C86326FC89D4009F4EF4 /* Montserrat-Medium.ttf in Resources */ = {isa = PBXBuildFile; fileRef = 3F37C86226FC89D4009F4EF4 /* Montserrat-Medium.ttf */; };
		3F37C86526FC89E0009F4EF4 /* Montserrat-SemiBold.ttf in Resources */ = {isa = PBXBuildFile; fileRef = 3F37C86426FC89E0009F4EF4 /* Montserrat-SemiBold.ttf */; };
		3F7D4EFF26FCA1C40086616F /* WalletCell.swift in Sources */ = {isa = PBXBuildFile; fileRef = 3F7D4EFD26FCA1C40086616F /* WalletCell.swift */; };
		3F7D4F0026FCA1C40086616F /* WalletCell.xib in Resources */ = {isa = PBXBuildFile; fileRef = 3F7D4EFE26FCA1C40086616F /* WalletCell.xib */; };
		3F7D4F0226FCAAB30086616F /* Montserrat-Regular.ttf in Resources */ = {isa = PBXBuildFile; fileRef = 3F7D4F0126FCAAB30086616F /* Montserrat-Regular.ttf */; };
		3F7D4F0626FCC05F0086616F /* SettingsController.swift in Sources */ = {isa = PBXBuildFile; fileRef = 3F7D4F0426FCC05F0086616F /* SettingsController.swift */; };
		3F7D4F0726FCC05F0086616F /* SettingsController.xib in Resources */ = {isa = PBXBuildFile; fileRef = 3F7D4F0526FCC05F0086616F /* SettingsController.xib */; };
		840FB10026FB8E3E0088FAF1 /* AppDelegate.swift in Sources */ = {isa = PBXBuildFile; fileRef = 840FB0FF26FB8E3E0088FAF1 /* AppDelegate.swift */; };
		840FB10226FB8E3E0088FAF1 /* SceneDelegate.swift in Sources */ = {isa = PBXBuildFile; fileRef = 840FB10126FB8E3E0088FAF1 /* SceneDelegate.swift */; };
		840FB10A26FB8E3E0088FAF1 /* RSTask12.xcdatamodeld in Sources */ = {isa = PBXBuildFile; fileRef = 840FB10826FB8E3E0088FAF1 /* RSTask12.xcdatamodeld */; };
		840FB10C26FB8E480088FAF1 /* Assets.xcassets in Resources */ = {isa = PBXBuildFile; fileRef = 840FB10B26FB8E480088FAF1 /* Assets.xcassets */; };
		840FB10F26FB8E480088FAF1 /* LaunchScreen.storyboard in Resources */ = {isa = PBXBuildFile; fileRef = 840FB10D26FB8E480088FAF1 /* LaunchScreen.storyboard */; };
		840FB11A26FB8E490088FAF1 /* RSTask12Tests.swift in Sources */ = {isa = PBXBuildFile; fileRef = 840FB11926FB8E490088FAF1 /* RSTask12Tests.swift */; };
		841E282F2700F2020022D36F /* Wallet.swift in Sources */ = {isa = PBXBuildFile; fileRef = 841E282E2700F2020022D36F /* Wallet.swift */; };
		841E28332700F2170022D36F /* Transaction.swift in Sources */ = {isa = PBXBuildFile; fileRef = 841E28322700F2170022D36F /* Transaction.swift */; };
		84FED08B26FFB07500A5ACA2 /* ColorTheme.swift in Sources */ = {isa = PBXBuildFile; fileRef = 84FED08A26FFB07500A5ACA2 /* ColorTheme.swift */; };
/* End PBXBuildFile section */

/* Begin PBXContainerItemProxy section */
		840FB11626FB8E490088FAF1 /* PBXContainerItemProxy */ = {
			isa = PBXContainerItemProxy;
			containerPortal = 840FB0F426FB8E3E0088FAF1 /* Project object */;
			proxyType = 1;
			remoteGlobalIDString = 840FB0FB26FB8E3E0088FAF1;
			remoteInfo = RSTask12;
		};
/* End PBXContainerItemProxy section */

/* Begin PBXFileReference section */
		3F2405AA26FDE4900011BD49 /* ColorCell.swift */ = {isa = PBXFileReference; lastKnownFileType = sourcecode.swift; path = ColorCell.swift; sourceTree = "<group>"; };
		3F2405AB26FDE4900011BD49 /* ColorCell.xib */ = {isa = PBXFileReference; lastKnownFileType = file.xib; path = ColorCell.xib; sourceTree = "<group>"; };
		3F2405AE26FDE8850011BD49 /* CurrencyCell.swift */ = {isa = PBXFileReference; lastKnownFileType = sourcecode.swift; path = CurrencyCell.swift; sourceTree = "<group>"; };
		3F2405AF26FDE8850011BD49 /* CurrencyCell.xib */ = {isa = PBXFileReference; lastKnownFileType = file.xib; path = CurrencyCell.xib; sourceTree = "<group>"; };
		3F2405B426FDE9E00011BD49 /* TransactionCell.swift */ = {isa = PBXFileReference; lastKnownFileType = sourcecode.swift; path = TransactionCell.swift; sourceTree = "<group>"; };
		3F2405B526FDE9E00011BD49 /* TransactionCell.xib */ = {isa = PBXFileReference; lastKnownFileType = file.xib; path = TransactionCell.xib; sourceTree = "<group>"; };
		3F2405B826FE07B00011BD49 /* TransactionCellViewModel.swift */ = {isa = PBXFileReference; lastKnownFileType = sourcecode.swift; path = TransactionCellViewModel.swift; sourceTree = "<group>"; };
		3F2405BA26FE139C0011BD49 /* GlassButton.swift */ = {isa = PBXFileReference; lastKnownFileType = sourcecode.swift; path = GlassButton.swift; sourceTree = "<group>"; };
		3F2405BC26FE17AD0011BD49 /* BarButton.swift */ = {isa = PBXFileReference; lastKnownFileType = sourcecode.swift; path = BarButton.swift; sourceTree = "<group>"; };
		3F246E292701ADD7000D1C61 /* GlassSegmentControl.swift */ = {isa = PBXFileReference; lastKnownFileType = sourcecode.swift; path = GlassSegmentControl.swift; sourceTree = "<group>"; };
		3F246E2B2701ADE9000D1C61 /* GlassSegmentControl.xib */ = {isa = PBXFileReference; lastKnownFileType = file.xib; path = GlassSegmentControl.xib; sourceTree = "<group>"; };
		3F246E2D2701EA12000D1C61 /* TransactionEntity+CoreDataClass.swift */ = {isa = PBXFileReference; lastKnownFileType = sourcecode.swift; path = "TransactionEntity+CoreDataClass.swift"; sourceTree = "<group>"; };
		3F246E2E2701EA12000D1C61 /* TransactionEntity+CoreDataProperties.swift */ = {isa = PBXFileReference; lastKnownFileType = sourcecode.swift; path = "TransactionEntity+CoreDataProperties.swift"; sourceTree = "<group>"; };
		3F246E2F2701EA12000D1C61 /* WalletEntity+CoreDataClass.swift */ = {isa = PBXFileReference; lastKnownFileType = sourcecode.swift; path = "WalletEntity+CoreDataClass.swift"; sourceTree = "<group>"; };
		3F246E302701EA12000D1C61 /* WalletEntity+CoreDataProperties.swift */ = {isa = PBXFileReference; lastKnownFileType = sourcecode.swift; path = "WalletEntity+CoreDataProperties.swift"; sourceTree = "<group>"; };
		3F246E372701EED4000D1C61 /* Coordinator.swift */ = {isa = PBXFileReference; lastKnownFileType = sourcecode.swift; path = Coordinator.swift; sourceTree = "<group>"; };
		3F246E392701F1E5000D1C61 /* WalletListViewModel.swift */ = {isa = PBXFileReference; lastKnownFileType = sourcecode.swift; path = WalletListViewModel.swift; sourceTree = "<group>"; };
		3F246E3C2701F285000D1C61 /* CoreDataService.swift */ = {isa = PBXFileReference; lastKnownFileType = sourcecode.swift; path = CoreDataService.swift; sourceTree = "<group>"; };
		3F246E3E2701F76C000D1C61 /* CollectionController.swift */ = {isa = PBXFileReference; lastKnownFileType = sourcecode.swift; path = CollectionController.swift; sourceTree = "<group>"; };
		3F246E412701FAFF000D1C61 /* CollectionViewLayout.swift */ = {isa = PBXFileReference; lastKnownFileType = sourcecode.swift; path = CollectionViewLayout.swift; sourceTree = "<group>"; };
		3F37C85326FC6867009F4EF4 /* Assets.swift */ = {isa = PBXFileReference; lastKnownFileType = sourcecode.swift; path = Assets.swift; sourceTree = "<group>"; };
		3F37C85526FC7705009F4EF4 /* GlassView.swift */ = {isa = PBXFileReference; lastKnownFileType = sourcecode.swift; name = GlassView.swift; path = RSTask12/Resources/GlassView.swift; sourceTree = SOURCE_ROOT; };
		3F37C85926FC7D42009F4EF4 /* WalletListController.swift */ = {isa = PBXFileReference; lastKnownFileType = sourcecode.swift; path = WalletListController.swift; sourceTree = "<group>"; };
		3F37C85A26FC7D42009F4EF4 /* WalletListController.xib */ = {isa = PBXFileReference; lastKnownFileType = file.xib; path = WalletListController.xib; sourceTree = "<group>"; };
		3F37C85D26FC831F009F4EF4 /* GlassBar.swift */ = {isa = PBXFileReference; lastKnownFileType = sourcecode.swift; path = GlassBar.swift; sourceTree = "<group>"; };
		3F37C85F26FC8352009F4EF4 /* GlassBar.xib */ = {isa = PBXFileReference; lastKnownFileType = file.xib; path = GlassBar.xib; sourceTree = "<group>"; };
		3F37C86226FC89D4009F4EF4 /* Montserrat-Medium.ttf */ = {isa = PBXFileReference; lastKnownFileType = file; path = "Montserrat-Medium.ttf"; sourceTree = "<group>"; };
		3F37C86426FC89E0009F4EF4 /* Montserrat-SemiBold.ttf */ = {isa = PBXFileReference; lastKnownFileType = file; path = "Montserrat-SemiBold.ttf"; sourceTree = "<group>"; };
		3F7D4EFD26FCA1C40086616F /* WalletCell.swift */ = {isa = PBXFileReference; lastKnownFileType = sourcecode.swift; path = WalletCell.swift; sourceTree = "<group>"; };
		3F7D4EFE26FCA1C40086616F /* WalletCell.xib */ = {isa = PBXFileReference; lastKnownFileType = file.xib; path = WalletCell.xib; sourceTree = "<group>"; };
		3F7D4F0126FCAAB30086616F /* Montserrat-Regular.ttf */ = {isa = PBXFileReference; lastKnownFileType = file; path = "Montserrat-Regular.ttf"; sourceTree = "<group>"; };
		3F7D4F0426FCC05F0086616F /* SettingsController.swift */ = {isa = PBXFileReference; lastKnownFileType = sourcecode.swift; path = SettingsController.swift; sourceTree = "<group>"; };
		3F7D4F0526FCC05F0086616F /* SettingsController.xib */ = {isa = PBXFileReference; lastKnownFileType = file.xib; path = SettingsController.xib; sourceTree = "<group>"; };
		840FB0FC26FB8E3E0088FAF1 /* RSTask12.app */ = {isa = PBXFileReference; explicitFileType = wrapper.application; includeInIndex = 0; path = RSTask12.app; sourceTree = BUILT_PRODUCTS_DIR; };
		840FB0FF26FB8E3E0088FAF1 /* AppDelegate.swift */ = {isa = PBXFileReference; lastKnownFileType = sourcecode.swift; path = AppDelegate.swift; sourceTree = "<group>"; };
		840FB10126FB8E3E0088FAF1 /* SceneDelegate.swift */ = {isa = PBXFileReference; lastKnownFileType = sourcecode.swift; path = SceneDelegate.swift; sourceTree = "<group>"; };
		840FB10926FB8E3E0088FAF1 /* RSTask12.xcdatamodel */ = {isa = PBXFileReference; lastKnownFileType = wrapper.xcdatamodel; path = RSTask12.xcdatamodel; sourceTree = "<group>"; };
		840FB10B26FB8E480088FAF1 /* Assets.xcassets */ = {isa = PBXFileReference; lastKnownFileType = folder.assetcatalog; path = Assets.xcassets; sourceTree = "<group>"; };
		840FB10E26FB8E480088FAF1 /* Base */ = {isa = PBXFileReference; lastKnownFileType = file.storyboard; name = Base; path = Base.lproj/LaunchScreen.storyboard; sourceTree = "<group>"; };
		840FB11026FB8E480088FAF1 /* Info.plist */ = {isa = PBXFileReference; lastKnownFileType = text.plist.xml; path = Info.plist; sourceTree = "<group>"; };
		840FB11526FB8E490088FAF1 /* RSTask12Tests.xctest */ = {isa = PBXFileReference; explicitFileType = wrapper.cfbundle; includeInIndex = 0; path = RSTask12Tests.xctest; sourceTree = BUILT_PRODUCTS_DIR; };
		840FB11926FB8E490088FAF1 /* RSTask12Tests.swift */ = {isa = PBXFileReference; lastKnownFileType = sourcecode.swift; path = RSTask12Tests.swift; sourceTree = "<group>"; };
		840FB11B26FB8E490088FAF1 /* Info.plist */ = {isa = PBXFileReference; lastKnownFileType = text.plist.xml; path = Info.plist; sourceTree = "<group>"; };
		841E282E2700F2020022D36F /* Wallet.swift */ = {isa = PBXFileReference; lastKnownFileType = sourcecode.swift; path = Wallet.swift; sourceTree = "<group>"; };
		841E28322700F2170022D36F /* Transaction.swift */ = {isa = PBXFileReference; lastKnownFileType = sourcecode.swift; path = Transaction.swift; sourceTree = "<group>"; };
		84FED08A26FFB07500A5ACA2 /* ColorTheme.swift */ = {isa = PBXFileReference; lastKnownFileType = sourcecode.swift; path = ColorTheme.swift; sourceTree = "<group>"; };
/* End PBXFileReference section */

/* Begin PBXFrameworksBuildPhase section */
		840FB0F926FB8E3E0088FAF1 /* Frameworks */ = {
			isa = PBXFrameworksBuildPhase;
			buildActionMask = 2147483647;
			files = (
			);
			runOnlyForDeploymentPostprocessing = 0;
		};
		840FB11226FB8E490088FAF1 /* Frameworks */ = {
			isa = PBXFrameworksBuildPhase;
			buildActionMask = 2147483647;
			files = (
			);
			runOnlyForDeploymentPostprocessing = 0;
		};
/* End PBXFrameworksBuildPhase section */

/* Begin PBXGroup section */
		3F2405A726FDE3B40011BD49 /* Currency */ = {
			isa = PBXGroup;
			children = (
				3F2405AE26FDE8850011BD49 /* CurrencyCell.swift */,
				3F2405AF26FDE8850011BD49 /* CurrencyCell.xib */,
			);
			path = Currency;
			sourceTree = "<group>";
		};
		3F2405A826FDE3D40011BD49 /* Transactions */ = {
			isa = PBXGroup;
			children = (
				3F2405B426FDE9E00011BD49 /* TransactionCell.swift */,
				3F2405B526FDE9E00011BD49 /* TransactionCell.xib */,
				3F2405B826FE07B00011BD49 /* TransactionCellViewModel.swift */,
			);
			path = Transactions;
			sourceTree = "<group>";
		};
		3F2405A926FDE4360011BD49 /* Color Themes */ = {
			isa = PBXGroup;
			children = (
				3F2405AA26FDE4900011BD49 /* ColorCell.swift */,
				3F2405AB26FDE4900011BD49 /* ColorCell.xib */,
			);
			path = "Color Themes";
			sourceTree = "<group>";
		};
		3F246E352701EA29000D1C61 /* CoreData */ = {
			isa = PBXGroup;
			children = (
				3F246E2D2701EA12000D1C61 /* TransactionEntity+CoreDataClass.swift */,
				3F246E2E2701EA12000D1C61 /* TransactionEntity+CoreDataProperties.swift */,
				3F246E2F2701EA12000D1C61 /* WalletEntity+CoreDataClass.swift */,
				3F246E302701EA12000D1C61 /* WalletEntity+CoreDataProperties.swift */,
			);
			path = CoreData;
			sourceTree = "<group>";
		};
		3F246E362701EE53000D1C61 /* Coordinator */ = {
			isa = PBXGroup;
			children = (
				3F246E372701EED4000D1C61 /* Coordinator.swift */,
			);
			path = Coordinator;
			sourceTree = "<group>";
		};
		3F246E3B2701F263000D1C61 /* CoreData */ = {
			isa = PBXGroup;
			children = (
				3F246E3C2701F285000D1C61 /* CoreDataService.swift */,
			);
			path = CoreData;
			sourceTree = "<group>";
		};
		3F246E402701F7B1000D1C61 /* Generic Controller */ = {
			isa = PBXGroup;
			children = (
				3F246E412701FAFF000D1C61 /* CollectionViewLayout.swift */,
				3F246E3E2701F76C000D1C61 /* CollectionController.swift */,
			);
			path = "Generic Controller";
			sourceTree = "<group>";
		};
		3F37C85826FC7D05009F4EF4 /* Wallet List */ = {
			isa = PBXGroup;
			children = (
				3F7D4EFC26FCA1960086616F /* Cell */,
				3F37C85926FC7D42009F4EF4 /* WalletListController.swift */,
				3F37C85A26FC7D42009F4EF4 /* WalletListController.xib */,
				3F246E392701F1E5000D1C61 /* WalletListViewModel.swift */,
			);
			path = "Wallet List";
			sourceTree = "<group>";
		};
		3F37C86126FC89AE009F4EF4 /* Fonts */ = {
			isa = PBXGroup;
			children = (
				3F7D4F0126FCAAB30086616F /* Montserrat-Regular.ttf */,
				3F37C86426FC89E0009F4EF4 /* Montserrat-SemiBold.ttf */,
				3F37C86226FC89D4009F4EF4 /* Montserrat-Medium.ttf */,
			);
			path = Fonts;
			sourceTree = "<group>";
		};
		3F7D4EFC26FCA1960086616F /* Cell */ = {
			isa = PBXGroup;
			children = (
				3F7D4EFD26FCA1C40086616F /* WalletCell.swift */,
				3F7D4EFE26FCA1C40086616F /* WalletCell.xib */,
			);
			path = Cell;
			sourceTree = "<group>";
		};
		3F7D4F0326FCB4A10086616F /* Wallet Settings */ = {
			isa = PBXGroup;
			children = (
				3F7D4F0426FCC05F0086616F /* SettingsController.swift */,
				3F7D4F0526FCC05F0086616F /* SettingsController.xib */,
			);
			path = "Wallet Settings";
			sourceTree = "<group>";
		};
		840FB0F326FB8E3E0088FAF1 = {
			isa = PBXGroup;
			children = (
				840FB0FE26FB8E3E0088FAF1 /* RSTask12 */,
				840FB11826FB8E490088FAF1 /* RSTask12Tests */,
				840FB0FD26FB8E3E0088FAF1 /* Products */,
			);
			sourceTree = "<group>";
		};
		840FB0FD26FB8E3E0088FAF1 /* Products */ = {
			isa = PBXGroup;
			children = (
				840FB0FC26FB8E3E0088FAF1 /* RSTask12.app */,
				840FB11526FB8E490088FAF1 /* RSTask12Tests.xctest */,
			);
			name = Products;
			sourceTree = "<group>";
		};
		840FB0FE26FB8E3E0088FAF1 /* RSTask12 */ = {
			isa = PBXGroup;
			children = (
				3F246E3B2701F263000D1C61 /* CoreData */,
				3F246E362701EE53000D1C61 /* Coordinator */,
				84FED08426FFA8B800A5ACA2 /* Model */,
				840FB13F26FB8FE30088FAF1 /* Resources */,
				840FB13D26FB8FC00088FAF1 /* Screens */,
				840FB13C26FB8FB30088FAF1 /* Custom View */,
				840FB13B26FB8F0A0088FAF1 /* AppDelegate */,
				840FB10826FB8E3E0088FAF1 /* RSTask12.xcdatamodeld */,
			);
			path = RSTask12;
			sourceTree = "<group>";
		};
		840FB11826FB8E490088FAF1 /* RSTask12Tests */ = {
			isa = PBXGroup;
			children = (
				840FB11926FB8E490088FAF1 /* RSTask12Tests.swift */,
				840FB11B26FB8E490088FAF1 /* Info.plist */,
			);
			path = RSTask12Tests;
			sourceTree = "<group>";
		};
		840FB13B26FB8F0A0088FAF1 /* AppDelegate */ = {
			isa = PBXGroup;
			children = (
				840FB0FF26FB8E3E0088FAF1 /* AppDelegate.swift */,
				840FB10126FB8E3E0088FAF1 /* SceneDelegate.swift */,
			);
			path = AppDelegate;
			sourceTree = "<group>";
		};
		840FB13C26FB8FB30088FAF1 /* Custom View */ = {
			isa = PBXGroup;
			children = (
				3F37C85526FC7705009F4EF4 /* GlassView.swift */,
				3F37C85D26FC831F009F4EF4 /* GlassBar.swift */,
				3F37C85F26FC8352009F4EF4 /* GlassBar.xib */,
				3F2405BA26FE139C0011BD49 /* GlassButton.swift */,
				3F2405BC26FE17AD0011BD49 /* BarButton.swift */,
				3F246E292701ADD7000D1C61 /* GlassSegmentControl.swift */,
				3F246E2B2701ADE9000D1C61 /* GlassSegmentControl.xib */,
			);
			path = "Custom View";
			sourceTree = "<group>";
		};
		840FB13D26FB8FC00088FAF1 /* Screens */ = {
			isa = PBXGroup;
			children = (
				3F246E402701F7B1000D1C61 /* Generic Controller */,
				3F2405A926FDE4360011BD49 /* Color Themes */,
				3F2405A826FDE3D40011BD49 /* Transactions */,
				3F2405A726FDE3B40011BD49 /* Currency */,
				3F7D4F0326FCB4A10086616F /* Wallet Settings */,
				3F37C85826FC7D05009F4EF4 /* Wallet List */,
			);
			path = Screens;
			sourceTree = "<group>";
		};
		840FB13F26FB8FE30088FAF1 /* Resources */ = {
			isa = PBXGroup;
			children = (
				3F37C86126FC89AE009F4EF4 /* Fonts */,
				840FB11026FB8E480088FAF1 /* Info.plist */,
				840FB10D26FB8E480088FAF1 /* LaunchScreen.storyboard */,
				840FB10B26FB8E480088FAF1 /* Assets.xcassets */,
				3F37C85326FC6867009F4EF4 /* Assets.swift */,
			);
			path = Resources;
			sourceTree = "<group>";
		};
		84FED08426FFA8B800A5ACA2 /* Model */ = {
			isa = PBXGroup;
			children = (
				3F246E352701EA29000D1C61 /* CoreData */,
				84FED08A26FFB07500A5ACA2 /* ColorTheme.swift */,
				841E282E2700F2020022D36F /* Wallet.swift */,
				841E28322700F2170022D36F /* Transaction.swift */,
			);
			path = Model;
			sourceTree = "<group>";
		};
/* End PBXGroup section */

/* Begin PBXNativeTarget section */
		840FB0FB26FB8E3E0088FAF1 /* RSTask12 */ = {
			isa = PBXNativeTarget;
			buildConfigurationList = 840FB12926FB8E490088FAF1 /* Build configuration list for PBXNativeTarget "RSTask12" */;
			buildPhases = (
				840FB0F826FB8E3E0088FAF1 /* Sources */,
				840FB0F926FB8E3E0088FAF1 /* Frameworks */,
				840FB0FA26FB8E3E0088FAF1 /* Resources */,
			);
			buildRules = (
			);
			dependencies = (
			);
			name = RSTask12;
			productName = RSTask12;
			productReference = 840FB0FC26FB8E3E0088FAF1 /* RSTask12.app */;
			productType = "com.apple.product-type.application";
		};
		840FB11426FB8E490088FAF1 /* RSTask12Tests */ = {
			isa = PBXNativeTarget;
			buildConfigurationList = 840FB12C26FB8E490088FAF1 /* Build configuration list for PBXNativeTarget "RSTask12Tests" */;
			buildPhases = (
				840FB11126FB8E490088FAF1 /* Sources */,
				840FB11226FB8E490088FAF1 /* Frameworks */,
				840FB11326FB8E490088FAF1 /* Resources */,
			);
			buildRules = (
			);
			dependencies = (
				840FB11726FB8E490088FAF1 /* PBXTargetDependency */,
			);
			name = RSTask12Tests;
			productName = RSTask12Tests;
			productReference = 840FB11526FB8E490088FAF1 /* RSTask12Tests.xctest */;
			productType = "com.apple.product-type.bundle.unit-test";
		};
/* End PBXNativeTarget section */

/* Begin PBXProject section */
		840FB0F426FB8E3E0088FAF1 /* Project object */ = {
			isa = PBXProject;
			attributes = {
				LastSwiftUpdateCheck = 1240;
				LastUpgradeCheck = 1240;
				TargetAttributes = {
					840FB0FB26FB8E3E0088FAF1 = {
						CreatedOnToolsVersion = 12.4;
					};
					840FB11426FB8E490088FAF1 = {
						CreatedOnToolsVersion = 12.4;
						TestTargetID = 840FB0FB26FB8E3E0088FAF1;
					};
				};
			};
			buildConfigurationList = 840FB0F726FB8E3E0088FAF1 /* Build configuration list for PBXProject "RSTask12" */;
			compatibilityVersion = "Xcode 9.3";
			developmentRegion = en;
			hasScannedForEncodings = 0;
			knownRegions = (
				en,
				Base,
			);
			mainGroup = 840FB0F326FB8E3E0088FAF1;
			productRefGroup = 840FB0FD26FB8E3E0088FAF1 /* Products */;
			projectDirPath = "";
			projectRoot = "";
			targets = (
				840FB0FB26FB8E3E0088FAF1 /* RSTask12 */,
				840FB11426FB8E490088FAF1 /* RSTask12Tests */,
			);
		};
/* End PBXProject section */

/* Begin PBXResourcesBuildPhase section */
		840FB0FA26FB8E3E0088FAF1 /* Resources */ = {
			isa = PBXResourcesBuildPhase;
			buildActionMask = 2147483647;
			files = (
				3F7D4F0226FCAAB30086616F /* Montserrat-Regular.ttf in Resources */,
				3F37C86526FC89E0009F4EF4 /* Montserrat-SemiBold.ttf in Resources */,
				3F2405B726FDE9E00011BD49 /* TransactionCell.xib in Resources */,
				3F7D4F0026FCA1C40086616F /* WalletCell.xib in Resources */,
				3F2405AD26FDE4900011BD49 /* ColorCell.xib in Resources */,
				3F37C86026FC8352009F4EF4 /* GlassBar.xib in Resources */,
				3F37C86326FC89D4009F4EF4 /* Montserrat-Medium.ttf in Resources */,
				3F2405B126FDE8850011BD49 /* CurrencyCell.xib in Resources */,
				840FB10F26FB8E480088FAF1 /* LaunchScreen.storyboard in Resources */,
				3F37C85C26FC7D42009F4EF4 /* WalletListController.xib in Resources */,
				3F7D4F0726FCC05F0086616F /* SettingsController.xib in Resources */,
				840FB10C26FB8E480088FAF1 /* Assets.xcassets in Resources */,
				3F246E2C2701ADE9000D1C61 /* GlassSegmentControl.xib in Resources */,
			);
			runOnlyForDeploymentPostprocessing = 0;
		};
		840FB11326FB8E490088FAF1 /* Resources */ = {
			isa = PBXResourcesBuildPhase;
			buildActionMask = 2147483647;
			files = (
			);
			runOnlyForDeploymentPostprocessing = 0;
		};
/* End PBXResourcesBuildPhase section */

/* Begin PBXSourcesBuildPhase section */
		840FB0F826FB8E3E0088FAF1 /* Sources */ = {
			isa = PBXSourcesBuildPhase;
			buildActionMask = 2147483647;
			files = (
				3F246E342701EA12000D1C61 /* WalletEntity+CoreDataProperties.swift in Sources */,
				3F246E2A2701ADD7000D1C61 /* GlassSegmentControl.swift in Sources */,
				3F2405B026FDE8850011BD49 /* CurrencyCell.swift in Sources */,
				3F2405B926FE07B00011BD49 /* TransactionCellViewModel.swift in Sources */,
				3F2405AC26FDE4900011BD49 /* ColorCell.swift in Sources */,
				3F7D4F0626FCC05F0086616F /* SettingsController.swift in Sources */,
				3F37C85B26FC7D42009F4EF4 /* WalletListController.swift in Sources */,
				840FB10A26FB8E3E0088FAF1 /* RSTask12.xcdatamodeld in Sources */,
				3F246E382701EED4000D1C61 /* Coordinator.swift in Sources */,
				841E282F2700F2020022D36F /* Wallet.swift in Sources */,
				3F246E422701FAFF000D1C61 /* CollectionViewLayout.swift in Sources */,
				840FB10026FB8E3E0088FAF1 /* AppDelegate.swift in Sources */,
				3F2405BB26FE139C0011BD49 /* GlassButton.swift in Sources */,
				84FED08B26FFB07500A5ACA2 /* ColorTheme.swift in Sources */,
				3F37C85626FC7705009F4EF4 /* GlassView.swift in Sources */,
				3F246E3D2701F285000D1C61 /* CoreDataService.swift in Sources */,
				3F7D4EFF26FCA1C40086616F /* WalletCell.swift in Sources */,
				3F2405BD26FE17AD0011BD49 /* BarButton.swift in Sources */,
				3F246E3A2701F1E5000D1C61 /* WalletListViewModel.swift in Sources */,
				841E28332700F2170022D36F /* Transaction.swift in Sources */,
				3F246E322701EA12000D1C61 /* TransactionEntity+CoreDataProperties.swift in Sources */,
				3F2405B626FDE9E00011BD49 /* TransactionCell.swift in Sources */,
				3F37C85426FC6867009F4EF4 /* Assets.swift in Sources */,
				3F246E3F2701F76C000D1C61 /* CollectionController.swift in Sources */,
				3F246E332701EA12000D1C61 /* WalletEntity+CoreDataClass.swift in Sources */,
				3F37C85E26FC831F009F4EF4 /* GlassBar.swift in Sources */,
				840FB10226FB8E3E0088FAF1 /* SceneDelegate.swift in Sources */,
				3F246E312701EA12000D1C61 /* TransactionEntity+CoreDataClass.swift in Sources */,
			);
			runOnlyForDeploymentPostprocessing = 0;
		};
		840FB11126FB8E490088FAF1 /* Sources */ = {
			isa = PBXSourcesBuildPhase;
			buildActionMask = 2147483647;
			files = (
				840FB11A26FB8E490088FAF1 /* RSTask12Tests.swift in Sources */,
			);
			runOnlyForDeploymentPostprocessing = 0;
		};
/* End PBXSourcesBuildPhase section */

/* Begin PBXTargetDependency section */
		840FB11726FB8E490088FAF1 /* PBXTargetDependency */ = {
			isa = PBXTargetDependency;
			target = 840FB0FB26FB8E3E0088FAF1 /* RSTask12 */;
			targetProxy = 840FB11626FB8E490088FAF1 /* PBXContainerItemProxy */;
		};
/* End PBXTargetDependency section */

/* Begin PBXVariantGroup section */
		840FB10D26FB8E480088FAF1 /* LaunchScreen.storyboard */ = {
			isa = PBXVariantGroup;
			children = (
				840FB10E26FB8E480088FAF1 /* Base */,
			);
			name = LaunchScreen.storyboard;
			sourceTree = "<group>";
		};
/* End PBXVariantGroup section */

/* Begin XCBuildConfiguration section */
		840FB12726FB8E490088FAF1 /* Debug */ = {
			isa = XCBuildConfiguration;
			buildSettings = {
				ALWAYS_SEARCH_USER_PATHS = NO;
				CLANG_ANALYZER_NONNULL = YES;
				CLANG_ANALYZER_NUMBER_OBJECT_CONVERSION = YES_AGGRESSIVE;
				CLANG_CXX_LANGUAGE_STANDARD = "gnu++14";
				CLANG_CXX_LIBRARY = "libc++";
				CLANG_ENABLE_MODULES = YES;
				CLANG_ENABLE_OBJC_ARC = YES;
				CLANG_ENABLE_OBJC_WEAK = YES;
				CLANG_WARN_BLOCK_CAPTURE_AUTORELEASING = YES;
				CLANG_WARN_BOOL_CONVERSION = YES;
				CLANG_WARN_COMMA = YES;
				CLANG_WARN_CONSTANT_CONVERSION = YES;
				CLANG_WARN_DEPRECATED_OBJC_IMPLEMENTATIONS = YES;
				CLANG_WARN_DIRECT_OBJC_ISA_USAGE = YES_ERROR;
				CLANG_WARN_DOCUMENTATION_COMMENTS = YES;
				CLANG_WARN_EMPTY_BODY = YES;
				CLANG_WARN_ENUM_CONVERSION = YES;
				CLANG_WARN_INFINITE_RECURSION = YES;
				CLANG_WARN_INT_CONVERSION = YES;
				CLANG_WARN_NON_LITERAL_NULL_CONVERSION = YES;
				CLANG_WARN_OBJC_IMPLICIT_RETAIN_SELF = YES;
				CLANG_WARN_OBJC_LITERAL_CONVERSION = YES;
				CLANG_WARN_OBJC_ROOT_CLASS = YES_ERROR;
				CLANG_WARN_QUOTED_INCLUDE_IN_FRAMEWORK_HEADER = YES;
				CLANG_WARN_RANGE_LOOP_ANALYSIS = YES;
				CLANG_WARN_STRICT_PROTOTYPES = YES;
				CLANG_WARN_SUSPICIOUS_MOVE = YES;
				CLANG_WARN_UNGUARDED_AVAILABILITY = YES_AGGRESSIVE;
				CLANG_WARN_UNREACHABLE_CODE = YES;
				CLANG_WARN__DUPLICATE_METHOD_MATCH = YES;
				COPY_PHASE_STRIP = NO;
				DEBUG_INFORMATION_FORMAT = dwarf;
				ENABLE_STRICT_OBJC_MSGSEND = YES;
				ENABLE_TESTABILITY = YES;
				GCC_C_LANGUAGE_STANDARD = gnu11;
				GCC_DYNAMIC_NO_PIC = NO;
				GCC_NO_COMMON_BLOCKS = YES;
				GCC_OPTIMIZATION_LEVEL = 0;
				GCC_PREPROCESSOR_DEFINITIONS = (
					"DEBUG=1",
					"$(inherited)",
				);
				GCC_WARN_64_TO_32_BIT_CONVERSION = YES;
				GCC_WARN_ABOUT_RETURN_TYPE = YES_ERROR;
				GCC_WARN_UNDECLARED_SELECTOR = YES;
				GCC_WARN_UNINITIALIZED_AUTOS = YES_AGGRESSIVE;
				GCC_WARN_UNUSED_FUNCTION = YES;
				GCC_WARN_UNUSED_VARIABLE = YES;
				IPHONEOS_DEPLOYMENT_TARGET = 14.4;
				MTL_ENABLE_DEBUG_INFO = INCLUDE_SOURCE;
				MTL_FAST_MATH = YES;
				ONLY_ACTIVE_ARCH = YES;
				SDKROOT = iphoneos;
				SWIFT_ACTIVE_COMPILATION_CONDITIONS = DEBUG;
				SWIFT_OPTIMIZATION_LEVEL = "-Onone";
			};
			name = Debug;
		};
		840FB12826FB8E490088FAF1 /* Release */ = {
			isa = XCBuildConfiguration;
			buildSettings = {
				ALWAYS_SEARCH_USER_PATHS = NO;
				CLANG_ANALYZER_NONNULL = YES;
				CLANG_ANALYZER_NUMBER_OBJECT_CONVERSION = YES_AGGRESSIVE;
				CLANG_CXX_LANGUAGE_STANDARD = "gnu++14";
				CLANG_CXX_LIBRARY = "libc++";
				CLANG_ENABLE_MODULES = YES;
				CLANG_ENABLE_OBJC_ARC = YES;
				CLANG_ENABLE_OBJC_WEAK = YES;
				CLANG_WARN_BLOCK_CAPTURE_AUTORELEASING = YES;
				CLANG_WARN_BOOL_CONVERSION = YES;
				CLANG_WARN_COMMA = YES;
				CLANG_WARN_CONSTANT_CONVERSION = YES;
				CLANG_WARN_DEPRECATED_OBJC_IMPLEMENTATIONS = YES;
				CLANG_WARN_DIRECT_OBJC_ISA_USAGE = YES_ERROR;
				CLANG_WARN_DOCUMENTATION_COMMENTS = YES;
				CLANG_WARN_EMPTY_BODY = YES;
				CLANG_WARN_ENUM_CONVERSION = YES;
				CLANG_WARN_INFINITE_RECURSION = YES;
				CLANG_WARN_INT_CONVERSION = YES;
				CLANG_WARN_NON_LITERAL_NULL_CONVERSION = YES;
				CLANG_WARN_OBJC_IMPLICIT_RETAIN_SELF = YES;
				CLANG_WARN_OBJC_LITERAL_CONVERSION = YES;
				CLANG_WARN_OBJC_ROOT_CLASS = YES_ERROR;
				CLANG_WARN_QUOTED_INCLUDE_IN_FRAMEWORK_HEADER = YES;
				CLANG_WARN_RANGE_LOOP_ANALYSIS = YES;
				CLANG_WARN_STRICT_PROTOTYPES = YES;
				CLANG_WARN_SUSPICIOUS_MOVE = YES;
				CLANG_WARN_UNGUARDED_AVAILABILITY = YES_AGGRESSIVE;
				CLANG_WARN_UNREACHABLE_CODE = YES;
				CLANG_WARN__DUPLICATE_METHOD_MATCH = YES;
				COPY_PHASE_STRIP = NO;
				DEBUG_INFORMATION_FORMAT = "dwarf-with-dsym";
				ENABLE_NS_ASSERTIONS = NO;
				ENABLE_STRICT_OBJC_MSGSEND = YES;
				GCC_C_LANGUAGE_STANDARD = gnu11;
				GCC_NO_COMMON_BLOCKS = YES;
				GCC_WARN_64_TO_32_BIT_CONVERSION = YES;
				GCC_WARN_ABOUT_RETURN_TYPE = YES_ERROR;
				GCC_WARN_UNDECLARED_SELECTOR = YES;
				GCC_WARN_UNINITIALIZED_AUTOS = YES_AGGRESSIVE;
				GCC_WARN_UNUSED_FUNCTION = YES;
				GCC_WARN_UNUSED_VARIABLE = YES;
				IPHONEOS_DEPLOYMENT_TARGET = 14.4;
				MTL_ENABLE_DEBUG_INFO = NO;
				MTL_FAST_MATH = YES;
				SDKROOT = iphoneos;
				SWIFT_COMPILATION_MODE = wholemodule;
				SWIFT_OPTIMIZATION_LEVEL = "-O";
				VALIDATE_PRODUCT = YES;
			};
			name = Release;
		};
		840FB12A26FB8E490088FAF1 /* Debug */ = {
			isa = XCBuildConfiguration;
			buildSettings = {
				ASSETCATALOG_COMPILER_APPICON_NAME = AppIcon;
				ASSETCATALOG_COMPILER_GLOBAL_ACCENT_COLOR_NAME = AccentColor;
				CODE_SIGN_STYLE = Automatic;
				DEVELOPMENT_TEAM = 9G6V47L895;
				INFOPLIST_FILE = RSTask12/Resources/Info.plist;
				IPHONEOS_DEPLOYMENT_TARGET = 13.0;
				LD_RUNPATH_SEARCH_PATHS = (
					"$(inherited)",
					"@executable_path/Frameworks",
				);
				PRODUCT_BUNDLE_IDENTIFIER = "Ivan-Budovich.RSTask12";
				PRODUCT_NAME = "$(TARGET_NAME)";
				SWIFT_VERSION = 5.0;
				TARGETED_DEVICE_FAMILY = "1,2";
			};
			name = Debug;
		};
		840FB12B26FB8E490088FAF1 /* Release */ = {
			isa = XCBuildConfiguration;
			buildSettings = {
				ASSETCATALOG_COMPILER_APPICON_NAME = AppIcon;
				ASSETCATALOG_COMPILER_GLOBAL_ACCENT_COLOR_NAME = AccentColor;
				CODE_SIGN_STYLE = Automatic;
				DEVELOPMENT_TEAM = 9G6V47L895;
				INFOPLIST_FILE = RSTask12/Resources/Info.plist;
				IPHONEOS_DEPLOYMENT_TARGET = 13.0;
				LD_RUNPATH_SEARCH_PATHS = (
					"$(inherited)",
					"@executable_path/Frameworks",
				);
				PRODUCT_BUNDLE_IDENTIFIER = "Ivan-Budovich.RSTask12";
				PRODUCT_NAME = "$(TARGET_NAME)";
				SWIFT_VERSION = 5.0;
				TARGETED_DEVICE_FAMILY = "1,2";
			};
			name = Release;
		};
		840FB12D26FB8E490088FAF1 /* Debug */ = {
			isa = XCBuildConfiguration;
			buildSettings = {
				ALWAYS_EMBED_SWIFT_STANDARD_LIBRARIES = YES;
				BUNDLE_LOADER = "$(TEST_HOST)";
				CODE_SIGN_STYLE = Automatic;
				DEVELOPMENT_TEAM = 9G6V47L895;
				INFOPLIST_FILE = RSTask12Tests/Info.plist;
				IPHONEOS_DEPLOYMENT_TARGET = 14.4;
				LD_RUNPATH_SEARCH_PATHS = (
					"$(inherited)",
					"@executable_path/Frameworks",
					"@loader_path/Frameworks",
				);
				PRODUCT_BUNDLE_IDENTIFIER = "Ivan-Budovich.RSTask12Tests";
				PRODUCT_NAME = "$(TARGET_NAME)";
				SWIFT_VERSION = 5.0;
				TARGETED_DEVICE_FAMILY = "1,2";
				TEST_HOST = "$(BUILT_PRODUCTS_DIR)/RSTask12.app/RSTask12";
			};
			name = Debug;
		};
		840FB12E26FB8E490088FAF1 /* Release */ = {
			isa = XCBuildConfiguration;
			buildSettings = {
				ALWAYS_EMBED_SWIFT_STANDARD_LIBRARIES = YES;
				BUNDLE_LOADER = "$(TEST_HOST)";
				CODE_SIGN_STYLE = Automatic;
				DEVELOPMENT_TEAM = 9G6V47L895;
				INFOPLIST_FILE = RSTask12Tests/Info.plist;
				IPHONEOS_DEPLOYMENT_TARGET = 14.4;
				LD_RUNPATH_SEARCH_PATHS = (
					"$(inherited)",
					"@executable_path/Frameworks",
					"@loader_path/Frameworks",
				);
				PRODUCT_BUNDLE_IDENTIFIER = "Ivan-Budovich.RSTask12Tests";
				PRODUCT_NAME = "$(TARGET_NAME)";
				SWIFT_VERSION = 5.0;
				TARGETED_DEVICE_FAMILY = "1,2";
				TEST_HOST = "$(BUILT_PRODUCTS_DIR)/RSTask12.app/RSTask12";
			};
			name = Release;
		};
/* End XCBuildConfiguration section */

/* Begin XCConfigurationList section */
		840FB0F726FB8E3E0088FAF1 /* Build configuration list for PBXProject "RSTask12" */ = {
			isa = XCConfigurationList;
			buildConfigurations = (
				840FB12726FB8E490088FAF1 /* Debug */,
				840FB12826FB8E490088FAF1 /* Release */,
			);
			defaultConfigurationIsVisible = 0;
			defaultConfigurationName = Release;
		};
		840FB12926FB8E490088FAF1 /* Build configuration list for PBXNativeTarget "RSTask12" */ = {
			isa = XCConfigurationList;
			buildConfigurations = (
				840FB12A26FB8E490088FAF1 /* Debug */,
				840FB12B26FB8E490088FAF1 /* Release */,
			);
			defaultConfigurationIsVisible = 0;
			defaultConfigurationName = Release;
		};
		840FB12C26FB8E490088FAF1 /* Build configuration list for PBXNativeTarget "RSTask12Tests" */ = {
			isa = XCConfigurationList;
			buildConfigurations = (
				840FB12D26FB8E490088FAF1 /* Debug */,
				840FB12E26FB8E490088FAF1 /* Release */,
			);
			defaultConfigurationIsVisible = 0;
			defaultConfigurationName = Release;
		};
/* End XCConfigurationList section */

/* Begin XCVersionGroup section */
		840FB10826FB8E3E0088FAF1 /* RSTask12.xcdatamodeld */ = {
			isa = XCVersionGroup;
			children = (
				840FB10926FB8E3E0088FAF1 /* RSTask12.xcdatamodel */,
			);
			currentVersion = 840FB10926FB8E3E0088FAF1 /* RSTask12.xcdatamodel */;
			path = RSTask12.xcdatamodeld;
			sourceTree = "<group>";
			versionGroupType = wrapper.xcdatamodel;
		};
/* End XCVersionGroup section */
	};
	rootObject = 840FB0F426FB8E3E0088FAF1 /* Project object */;
}
