// !$*UTF8*$!
{
	archiveVersion = 1;
	classes = {
	};
	objectVersion = 52;
	objects = {

/* Begin PBXBuildFile section */
		3F2405AC26FDE4900011BD49 /* ColorCell.swift in Sources */ = {isa = PBXBuildFile; fileRef = 3F2405AA26FDE4900011BD49 /* ColorCell.swift */; };
		3F2405AD26FDE4900011BD49 /* ColorCell.xib in Resources */ = {isa = PBXBuildFile; fileRef = 3F2405AB26FDE4900011BD49 /* ColorCell.xib */; };
		3F2405B026FDE8850011BD49 /* CurrencyCell.swift in Sources */ = {isa = PBXBuildFile; fileRef = 3F2405AE26FDE8850011BD49 /* CurrencyCell.swift */; };
		3F2405B126FDE8850011BD49 /* CurrencyCell.xib in Resources */ = {isa = PBXBuildFile; fileRef = 3F2405AF26FDE8850011BD49 /* CurrencyCell.xib */; };
		3F2405B626FDE9E00011BD49 /* TransactionCell.swift in Sources */ = {isa = PBXBuildFile; fileRef = 3F2405B426FDE9E00011BD49 /* TransactionCell.swift */; };
		3F2405B726FDE9E00011BD49 /* TransactionCell.xib in Resources */ = {isa = PBXBuildFile; fileRef = 3F2405B526FDE9E00011BD49 /* TransactionCell.xib */; };
		3F2405B926FE07B00011BD49 /* TransactionCellViewModel.swift in Sources */ = {isa = PBXBuildFile; fileRef = 3F2405B826FE07B00011BD49 /* TransactionCellViewModel.swift */; };
		3F2405BB26FE139C0011BD49 /* GlassButton.swift in Sources */ = {isa = PBXBuildFile; fileRef = 3F2405BA26FE139C0011BD49 /* GlassButton.swift */; };
		3F2405BD26FE17AD0011BD49 /* BarButton.swift in Sources */ = {isa = PBXBuildFile; fileRef = 3F2405BC26FE17AD0011BD49 /* BarButton.swift */; };
		3F246E2A2701ADD7000D1C61 /* GlassSegmentControl.swift in Sources */ = {isa = PBXBuildFile; fileRef = 3F246E292701ADD7000D1C61 /* GlassSegmentControl.swift */; };
		3F246E2C2701ADE9000D1C61 /* GlassSegmentControl.xib in Resources */ = {isa = PBXBuildFile; fileRef = 3F246E2B2701ADE9000D1C61 /* GlassSegmentControl.xib */; };
		3F246E382701EED4000D1C61 /* Coordinator.swift in Sources */ = {isa = PBXBuildFile; fileRef = 3F246E372701EED4000D1C61 /* Coordinator.swift */; };
		3F246E3A2701F1E5000D1C61 /* WalletListViewModel.swift in Sources */ = {isa = PBXBuildFile; fileRef = 3F246E392701F1E5000D1C61 /* WalletListViewModel.swift */; };
		3F246E3D2701F285000D1C61 /* CoreDataService.swift in Sources */ = {isa = PBXBuildFile; fileRef = 3F246E3C2701F285000D1C61 /* CoreDataService.swift */; };
		3F246E3F2701F76C000D1C61 /* CollectionController.swift in Sources */ = {isa = PBXBuildFile; fileRef = 3F246E3E2701F76C000D1C61 /* CollectionController.swift */; };
		3F246E422701FAFF000D1C61 /* CollectionViewLayout.swift in Sources */ = {isa = PBXBuildFile; fileRef = 3F246E412701FAFF000D1C61 /* CollectionViewLayout.swift */; };
		3F246E5027020AEB000D1C61 /* TextField.swift in Sources */ = {isa = PBXBuildFile; fileRef = 3F246E4F27020AEB000D1C61 /* TextField.swift */; };
		3F2AE9FC2702DDCA00951141 /* Currency.swift in Sources */ = {isa = PBXBuildFile; fileRef = 3F2AE9FB2702DDC900951141 /* Currency.swift */; };
		3F2AE9FF2702E81300951141 /* WalletCellViewModel.swift in Sources */ = {isa = PBXBuildFile; fileRef = 3F2AE9FE2702E81300951141 /* WalletCellViewModel.swift */; };
		3F2AEA012702F6A600951141 /* NewWalletViewModel.swift in Sources */ = {isa = PBXBuildFile; fileRef = 3F2AEA002702F6A600951141 /* NewWalletViewModel.swift */; };
		3F2AEA032702F6D400951141 /* WalletEditingViewModel.swift in Sources */ = {isa = PBXBuildFile; fileRef = 3F2AEA022702F6D400951141 /* WalletEditingViewModel.swift */; };
		3F2AEA0727030A9100951141 /* WalletController.swift in Sources */ = {isa = PBXBuildFile; fileRef = 3F2AEA0527030A9100951141 /* WalletController.swift */; };
		3F2AEA0827030A9100951141 /* WalletController.xib in Resources */ = {isa = PBXBuildFile; fileRef = 3F2AEA0627030A9100951141 /* WalletController.xib */; };
		3F2DD8F92704721600763756 /* Date.swift in Sources */ = {isa = PBXBuildFile; fileRef = 3F2DD8F82704721600763756 /* Date.swift */; };
		3F37C85426FC6867009F4EF4 /* Assets.swift in Sources */ = {isa = PBXBuildFile; fileRef = 3F37C85326FC6867009F4EF4 /* Assets.swift */; };
		3F37C85626FC7705009F4EF4 /* GlassView.swift in Sources */ = {isa = PBXBuildFile; fileRef = 3F37C85526FC7705009F4EF4 /* GlassView.swift */; };
		3F37C85B26FC7D42009F4EF4 /* WalletListController.swift in Sources */ = {isa = PBXBuildFile; fileRef = 3F37C85926FC7D42009F4EF4 /* WalletListController.swift */; };
		3F37C85C26FC7D42009F4EF4 /* WalletListController.xib in Resources */ = {isa = PBXBuildFile; fileRef = 3F37C85A26FC7D42009F4EF4 /* WalletListController.xib */; };
		3F37C85E26FC831F009F4EF4 /* GlassBar.swift in Sources */ = {isa = PBXBuildFile; fileRef = 3F37C85D26FC831F009F4EF4 /* GlassBar.swift */; };
		3F37C86026FC8352009F4EF4 /* GlassBar.xib in Resources */ = {isa = PBXBuildFile; fileRef = 3F37C85F26FC8352009F4EF4 /* GlassBar.xib */; };
		3F37C86326FC89D4009F4EF4 /* Montserrat-Medium.ttf in Resources */ = {isa = PBXBuildFile; fileRef = 3F37C86226FC89D4009F4EF4 /* Montserrat-Medium.ttf */; };
		3F37C86526FC89E0009F4EF4 /* Montserrat-SemiBold.ttf in Resources */ = {isa = PBXBuildFile; fileRef = 3F37C86426FC89E0009F4EF4 /* Montserrat-SemiBold.ttf */; };
		3F6DB282270D800500D88D70 /* TransactionListViewModel.swift in Sources */ = {isa = PBXBuildFile; fileRef = 3F6DB281270D800500D88D70 /* TransactionListViewModel.swift */; };
		3F7420DE270B4B0000EE3BE4 /* Transaction+CoreDataClass.swift in Sources */ = {isa = PBXBuildFile; fileRef = 3F7420DC270B4B0000EE3BE4 /* Transaction+CoreDataClass.swift */; };
		3F7420DF270B4B0000EE3BE4 /* Transaction+CoreDataProperties.swift in Sources */ = {isa = PBXBuildFile; fileRef = 3F7420DD270B4B0000EE3BE4 /* Transaction+CoreDataProperties.swift */; };
		3F7D4EFF26FCA1C40086616F /* WalletCell.swift in Sources */ = {isa = PBXBuildFile; fileRef = 3F7D4EFD26FCA1C40086616F /* WalletCell.swift */; };
		3F7D4F0026FCA1C40086616F /* WalletCell.xib in Resources */ = {isa = PBXBuildFile; fileRef = 3F7D4EFE26FCA1C40086616F /* WalletCell.xib */; };
		3F7D4F0226FCAAB30086616F /* Montserrat-Regular.ttf in Resources */ = {isa = PBXBuildFile; fileRef = 3F7D4F0126FCAAB30086616F /* Montserrat-Regular.ttf */; };
		3F7D4F0626FCC05F0086616F /* SettingsController.swift in Sources */ = {isa = PBXBuildFile; fileRef = 3F7D4F0426FCC05F0086616F /* SettingsController.swift */; };
		3F7D4F0726FCC05F0086616F /* SettingsController.xib in Resources */ = {isa = PBXBuildFile; fileRef = 3F7D4F0526FCC05F0086616F /* SettingsController.xib */; };
		3F81C6CD270AE02E000A6704 /* WalletViewModel.swift in Sources */ = {isa = PBXBuildFile; fileRef = 3F81C6CC270AE02E000A6704 /* WalletViewModel.swift */; };
		3F8F473F281EE0F100A077A0 /* Alertift in Frameworks */ = {isa = PBXBuildFile; productRef = 3F8F473E281EE0F100A077A0 /* Alertift */; };
		3F8F4742281EE57500A077A0 /* IQKeyboardManagerSwift in Frameworks */ = {isa = PBXBuildFile; productRef = 3F8F4741281EE57500A077A0 /* IQKeyboardManagerSwift */; };
		3F8F4746281EEE9400A077A0 /* AuthViewController.swift in Sources */ = {isa = PBXBuildFile; fileRef = 3F8F4744281EEE9400A077A0 /* AuthViewController.swift */; };
		3F8F4747281EEE9400A077A0 /* AuthViewController.xib in Resources */ = {isa = PBXBuildFile; fileRef = 3F8F4745281EEE9400A077A0 /* AuthViewController.xib */; };
		3F8F474A281EF81F00A077A0 /* AuthViewModel.swift in Sources */ = {isa = PBXBuildFile; fileRef = 3F8F4749281EF81F00A077A0 /* AuthViewModel.swift */; };
		3F8F474D281EF87500A077A0 /* RxCocoa in Frameworks */ = {isa = PBXBuildFile; productRef = 3F8F474C281EF87500A077A0 /* RxCocoa */; };
		3F8F474F281EF87500A077A0 /* RxRelay in Frameworks */ = {isa = PBXBuildFile; productRef = 3F8F474E281EF87500A077A0 /* RxRelay */; };
		3F8F4751281EF87500A077A0 /* RxSwift in Frameworks */ = {isa = PBXBuildFile; productRef = 3F8F4750281EF87500A077A0 /* RxSwift */; };
		3F8F4754281EF96700A077A0 /* FirebaseAuth in Frameworks */ = {isa = PBXBuildFile; productRef = 3F8F4753281EF96700A077A0 /* FirebaseAuth */; };
		3F8F4756281EF96700A077A0 /* FirebaseFirestore in Frameworks */ = {isa = PBXBuildFile; productRef = 3F8F4755281EF96700A077A0 /* FirebaseFirestore */; };
		3F8F4758281EF96700A077A0 /* FirebaseStorage in Frameworks */ = {isa = PBXBuildFile; productRef = 3F8F4757281EF96700A077A0 /* FirebaseStorage */; };
		3F8F475A281EF99400A077A0 /* String+Credentials.swift in Sources */ = {isa = PBXBuildFile; fileRef = 3F8F4759281EF99400A077A0 /* String+Credentials.swift */; };
		3F8F475C281EFA6600A077A0 /* Service.swift in Sources */ = {isa = PBXBuildFile; fileRef = 3F8F475B281EFA6600A077A0 /* Service.swift */; };
		3F8F475E281EFAC800A077A0 /* FirebaseService.swift in Sources */ = {isa = PBXBuildFile; fileRef = 3F8F475D281EFAC800A077A0 /* FirebaseService.swift */; };
		3F923186270C921200655EB8 /* NewTransactionViewModel.swift in Sources */ = {isa = PBXBuildFile; fileRef = 3F923185270C921200655EB8 /* NewTransactionViewModel.swift */; };
		3F923188270C922A00655EB8 /* TransactionEditingViewModel.swift in Sources */ = {isa = PBXBuildFile; fileRef = 3F923187270C922A00655EB8 /* TransactionEditingViewModel.swift */; };
		3F92318C270C92E100655EB8 /* TransactionController.swift in Sources */ = {isa = PBXBuildFile; fileRef = 3F92318A270C92E100655EB8 /* TransactionController.swift */; };
		3F92318D270C92E100655EB8 /* TransactionController.xib in Resources */ = {isa = PBXBuildFile; fileRef = 3F92318B270C92E100655EB8 /* TransactionController.xib */; };
		3F92318F270C9BCC00655EB8 /* TransactionViewModel.swift in Sources */ = {isa = PBXBuildFile; fileRef = 3F92318E270C9BCC00655EB8 /* TransactionViewModel.swift */; };
		3FC3495B270495CA005C3190 /* RSTask12.xcdatamodeld in Sources */ = {isa = PBXBuildFile; fileRef = 3FC34959270495CA005C3190 /* RSTask12.xcdatamodeld */; };
		3FC3496027049752005C3190 /* Wallet+CoreDataClass.swift in Sources */ = {isa = PBXBuildFile; fileRef = 3FC3495C27049752005C3190 /* Wallet+CoreDataClass.swift */; };
		3FC3496127049752005C3190 /* Wallet+CoreDataProperties.swift in Sources */ = {isa = PBXBuildFile; fileRef = 3FC3495D27049752005C3190 /* Wallet+CoreDataProperties.swift */; };
		3FC7815227059DBF00D5BECD /* ColorThemeViewModel.swift in Sources */ = {isa = PBXBuildFile; fileRef = 3FC7815127059DBF00D5BECD /* ColorThemeViewModel.swift */; };
		3FCD69582705F0330009DD5A /* CurrencyViewModel.swift in Sources */ = {isa = PBXBuildFile; fileRef = 3FCD69572705F0330009DD5A /* CurrencyViewModel.swift */; };
		840FB10026FB8E3E0088FAF1 /* AppDelegate.swift in Sources */ = {isa = PBXBuildFile; fileRef = 840FB0FF26FB8E3E0088FAF1 /* AppDelegate.swift */; };
		840FB10226FB8E3E0088FAF1 /* SceneDelegate.swift in Sources */ = {isa = PBXBuildFile; fileRef = 840FB10126FB8E3E0088FAF1 /* SceneDelegate.swift */; };
		840FB10C26FB8E480088FAF1 /* Assets.xcassets in Resources */ = {isa = PBXBuildFile; fileRef = 840FB10B26FB8E480088FAF1 /* Assets.xcassets */; };
		840FB10F26FB8E480088FAF1 /* LaunchScreen.storyboard in Resources */ = {isa = PBXBuildFile; fileRef = 840FB10D26FB8E480088FAF1 /* LaunchScreen.storyboard */; };
		841A6A342708EA0100E5DE6E /* TransactionSettingsController.swift in Sources */ = {isa = PBXBuildFile; fileRef = 841A6A322708EA0100E5DE6E /* TransactionSettingsController.swift */; };
		841A6A352708EA0100E5DE6E /* TransactionSettingsController.xib in Resources */ = {isa = PBXBuildFile; fileRef = 841A6A332708EA0100E5DE6E /* TransactionSettingsController.xib */; };
		841A6A3B2708EA3A00E5DE6E /* CategoryCell.swift in Sources */ = {isa = PBXBuildFile; fileRef = 841A6A392708EA3A00E5DE6E /* CategoryCell.swift */; };
		841A6A3C2708EA3A00E5DE6E /* CategoryCell.xib in Resources */ = {isa = PBXBuildFile; fileRef = 841A6A3A2708EA3A00E5DE6E /* CategoryCell.xib */; };
		841A6A422708F1A200E5DE6E /* TransactionCategoryViewModel.swift in Sources */ = {isa = PBXBuildFile; fileRef = 841A6A412708F1A200E5DE6E /* TransactionCategoryViewModel.swift */; };
		841E282F2700F2020022D36F /* WalletInfo.swift in Sources */ = {isa = PBXBuildFile; fileRef = 841E282E2700F2020022D36F /* WalletInfo.swift */; };
		841E28332700F2170022D36F /* TransactionInfo.swift in Sources */ = {isa = PBXBuildFile; fileRef = 841E28322700F2170022D36F /* TransactionInfo.swift */; };
		84574F872704535900476961 /* UIImageView + animation.swift in Sources */ = {isa = PBXBuildFile; fileRef = 84574F862704535900476961 /* UIImageView + animation.swift */; };
		84574F8B27045ED500476961 /* TextView.swift in Sources */ = {isa = PBXBuildFile; fileRef = 84574F8A27045ED500476961 /* TextView.swift */; };
		84FED08B26FFB07500A5ACA2 /* ColorTheme.swift in Sources */ = {isa = PBXBuildFile; fileRef = 84FED08A26FFB07500A5ACA2 /* ColorTheme.swift */; };
/* End PBXBuildFile section */

/* Begin PBXFileReference section */
		3F2405AA26FDE4900011BD49 /* ColorCell.swift */ = {isa = PBXFileReference; lastKnownFileType = sourcecode.swift; path = ColorCell.swift; sourceTree = "<group>"; };
		3F2405AB26FDE4900011BD49 /* ColorCell.xib */ = {isa = PBXFileReference; lastKnownFileType = file.xib; path = ColorCell.xib; sourceTree = "<group>"; };
		3F2405AE26FDE8850011BD49 /* CurrencyCell.swift */ = {isa = PBXFileReference; lastKnownFileType = sourcecode.swift; path = CurrencyCell.swift; sourceTree = "<group>"; };
		3F2405AF26FDE8850011BD49 /* CurrencyCell.xib */ = {isa = PBXFileReference; lastKnownFileType = file.xib; path = CurrencyCell.xib; sourceTree = "<group>"; };
		3F2405B426FDE9E00011BD49 /* TransactionCell.swift */ = {isa = PBXFileReference; lastKnownFileType = sourcecode.swift; path = TransactionCell.swift; sourceTree = "<group>"; };
		3F2405B526FDE9E00011BD49 /* TransactionCell.xib */ = {isa = PBXFileReference; lastKnownFileType = file.xib; path = TransactionCell.xib; sourceTree = "<group>"; };
		3F2405B826FE07B00011BD49 /* TransactionCellViewModel.swift */ = {isa = PBXFileReference; lastKnownFileType = sourcecode.swift; path = TransactionCellViewModel.swift; sourceTree = "<group>"; };
		3F2405BA26FE139C0011BD49 /* GlassButton.swift */ = {isa = PBXFileReference; lastKnownFileType = sourcecode.swift; path = GlassButton.swift; sourceTree = "<group>"; };
		3F2405BC26FE17AD0011BD49 /* BarButton.swift */ = {isa = PBXFileReference; lastKnownFileType = sourcecode.swift; path = BarButton.swift; sourceTree = "<group>"; };
		3F246E292701ADD7000D1C61 /* GlassSegmentControl.swift */ = {isa = PBXFileReference; lastKnownFileType = sourcecode.swift; path = GlassSegmentControl.swift; sourceTree = "<group>"; };
		3F246E2B2701ADE9000D1C61 /* GlassSegmentControl.xib */ = {isa = PBXFileReference; lastKnownFileType = file.xib; path = GlassSegmentControl.xib; sourceTree = "<group>"; };
		3F246E372701EED4000D1C61 /* Coordinator.swift */ = {isa = PBXFileReference; lastKnownFileType = sourcecode.swift; path = Coordinator.swift; sourceTree = "<group>"; };
		3F246E392701F1E5000D1C61 /* WalletListViewModel.swift */ = {isa = PBXFileReference; lastKnownFileType = sourcecode.swift; path = WalletListViewModel.swift; sourceTree = "<group>"; };
		3F246E3C2701F285000D1C61 /* CoreDataService.swift */ = {isa = PBXFileReference; lastKnownFileType = sourcecode.swift; path = CoreDataService.swift; sourceTree = "<group>"; };
		3F246E3E2701F76C000D1C61 /* CollectionController.swift */ = {isa = PBXFileReference; lastKnownFileType = sourcecode.swift; path = CollectionController.swift; sourceTree = "<group>"; };
		3F246E412701FAFF000D1C61 /* CollectionViewLayout.swift */ = {isa = PBXFileReference; lastKnownFileType = sourcecode.swift; path = CollectionViewLayout.swift; sourceTree = "<group>"; };
		3F246E4F27020AEB000D1C61 /* TextField.swift */ = {isa = PBXFileReference; lastKnownFileType = sourcecode.swift; path = TextField.swift; sourceTree = "<group>"; };
		3F2AE9FB2702DDC900951141 /* Currency.swift */ = {isa = PBXFileReference; lastKnownFileType = sourcecode.swift; path = Currency.swift; sourceTree = "<group>"; };
		3F2AE9FE2702E81300951141 /* WalletCellViewModel.swift */ = {isa = PBXFileReference; lastKnownFileType = sourcecode.swift; path = WalletCellViewModel.swift; sourceTree = "<group>"; };
		3F2AEA002702F6A600951141 /* NewWalletViewModel.swift */ = {isa = PBXFileReference; lastKnownFileType = sourcecode.swift; path = NewWalletViewModel.swift; sourceTree = "<group>"; };
		3F2AEA022702F6D400951141 /* WalletEditingViewModel.swift */ = {isa = PBXFileReference; lastKnownFileType = sourcecode.swift; path = WalletEditingViewModel.swift; sourceTree = "<group>"; };
		3F2AEA0527030A9100951141 /* WalletController.swift */ = {isa = PBXFileReference; lastKnownFileType = sourcecode.swift; path = WalletController.swift; sourceTree = "<group>"; };
		3F2AEA0627030A9100951141 /* WalletController.xib */ = {isa = PBXFileReference; lastKnownFileType = file.xib; path = WalletController.xib; sourceTree = "<group>"; };
		3F2DD8F82704721600763756 /* Date.swift */ = {isa = PBXFileReference; lastKnownFileType = sourcecode.swift; path = Date.swift; sourceTree = "<group>"; };
		3F37C85326FC6867009F4EF4 /* Assets.swift */ = {isa = PBXFileReference; lastKnownFileType = sourcecode.swift; path = Assets.swift; sourceTree = "<group>"; };
		3F37C85526FC7705009F4EF4 /* GlassView.swift */ = {isa = PBXFileReference; lastKnownFileType = sourcecode.swift; name = GlassView.swift; path = RSTask12/Resources/GlassView.swift; sourceTree = SOURCE_ROOT; };
		3F37C85926FC7D42009F4EF4 /* WalletListController.swift */ = {isa = PBXFileReference; lastKnownFileType = sourcecode.swift; path = WalletListController.swift; sourceTree = "<group>"; };
		3F37C85A26FC7D42009F4EF4 /* WalletListController.xib */ = {isa = PBXFileReference; lastKnownFileType = file.xib; path = WalletListController.xib; sourceTree = "<group>"; };
		3F37C85D26FC831F009F4EF4 /* GlassBar.swift */ = {isa = PBXFileReference; lastKnownFileType = sourcecode.swift; path = GlassBar.swift; sourceTree = "<group>"; };
		3F37C85F26FC8352009F4EF4 /* GlassBar.xib */ = {isa = PBXFileReference; lastKnownFileType = file.xib; path = GlassBar.xib; sourceTree = "<group>"; };
		3F37C86226FC89D4009F4EF4 /* Montserrat-Medium.ttf */ = {isa = PBXFileReference; lastKnownFileType = file; path = "Montserrat-Medium.ttf"; sourceTree = "<group>"; };
		3F37C86426FC89E0009F4EF4 /* Montserrat-SemiBold.ttf */ = {isa = PBXFileReference; lastKnownFileType = file; path = "Montserrat-SemiBold.ttf"; sourceTree = "<group>"; };
		3F6DB281270D800500D88D70 /* TransactionListViewModel.swift */ = {isa = PBXFileReference; lastKnownFileType = sourcecode.swift; path = TransactionListViewModel.swift; sourceTree = "<group>"; };
		3F7420DC270B4B0000EE3BE4 /* Transaction+CoreDataClass.swift */ = {isa = PBXFileReference; lastKnownFileType = sourcecode.swift; path = "Transaction+CoreDataClass.swift"; sourceTree = "<group>"; };
		3F7420DD270B4B0000EE3BE4 /* Transaction+CoreDataProperties.swift */ = {isa = PBXFileReference; lastKnownFileType = sourcecode.swift; path = "Transaction+CoreDataProperties.swift"; sourceTree = "<group>"; };
		3F7D4EFD26FCA1C40086616F /* WalletCell.swift */ = {isa = PBXFileReference; lastKnownFileType = sourcecode.swift; path = WalletCell.swift; sourceTree = "<group>"; };
		3F7D4EFE26FCA1C40086616F /* WalletCell.xib */ = {isa = PBXFileReference; lastKnownFileType = file.xib; path = WalletCell.xib; sourceTree = "<group>"; };
		3F7D4F0126FCAAB30086616F /* Montserrat-Regular.ttf */ = {isa = PBXFileReference; lastKnownFileType = file; path = "Montserrat-Regular.ttf"; sourceTree = "<group>"; };
		3F7D4F0426FCC05F0086616F /* SettingsController.swift */ = {isa = PBXFileReference; lastKnownFileType = sourcecode.swift; path = SettingsController.swift; sourceTree = "<group>"; };
		3F7D4F0526FCC05F0086616F /* SettingsController.xib */ = {isa = PBXFileReference; lastKnownFileType = file.xib; path = SettingsController.xib; sourceTree = "<group>"; };
		3F81C6CC270AE02E000A6704 /* WalletViewModel.swift */ = {isa = PBXFileReference; lastKnownFileType = sourcecode.swift; path = WalletViewModel.swift; sourceTree = "<group>"; };
		3F8F4744281EEE9400A077A0 /* AuthViewController.swift */ = {isa = PBXFileReference; lastKnownFileType = sourcecode.swift; path = AuthViewController.swift; sourceTree = "<group>"; };
		3F8F4745281EEE9400A077A0 /* AuthViewController.xib */ = {isa = PBXFileReference; lastKnownFileType = file.xib; path = AuthViewController.xib; sourceTree = "<group>"; };
		3F8F4749281EF81F00A077A0 /* AuthViewModel.swift */ = {isa = PBXFileReference; lastKnownFileType = sourcecode.swift; path = AuthViewModel.swift; sourceTree = "<group>"; };
		3F8F4759281EF99400A077A0 /* String+Credentials.swift */ = {isa = PBXFileReference; lastKnownFileType = sourcecode.swift; path = "String+Credentials.swift"; sourceTree = "<group>"; };
		3F8F475B281EFA6600A077A0 /* Service.swift */ = {isa = PBXFileReference; lastKnownFileType = sourcecode.swift; path = Service.swift; sourceTree = "<group>"; };
		3F8F475D281EFAC800A077A0 /* FirebaseService.swift */ = {isa = PBXFileReference; lastKnownFileType = sourcecode.swift; path = FirebaseService.swift; sourceTree = "<group>"; };
		3F923185270C921200655EB8 /* NewTransactionViewModel.swift */ = {isa = PBXFileReference; lastKnownFileType = sourcecode.swift; path = NewTransactionViewModel.swift; sourceTree = "<group>"; };
		3F923187270C922A00655EB8 /* TransactionEditingViewModel.swift */ = {isa = PBXFileReference; lastKnownFileType = sourcecode.swift; path = TransactionEditingViewModel.swift; sourceTree = "<group>"; };
		3F92318A270C92E100655EB8 /* TransactionController.swift */ = {isa = PBXFileReference; lastKnownFileType = sourcecode.swift; path = TransactionController.swift; sourceTree = "<group>"; };
		3F92318B270C92E100655EB8 /* TransactionController.xib */ = {isa = PBXFileReference; lastKnownFileType = file.xib; path = TransactionController.xib; sourceTree = "<group>"; };
		3F92318E270C9BCC00655EB8 /* TransactionViewModel.swift */ = {isa = PBXFileReference; lastKnownFileType = sourcecode.swift; path = TransactionViewModel.swift; sourceTree = "<group>"; };
		3FC3495A270495CA005C3190 /* Model.xcdatamodel */ = {isa = PBXFileReference; lastKnownFileType = wrapper.xcdatamodel; path = Model.xcdatamodel; sourceTree = "<group>"; };
		3FC3495C27049752005C3190 /* Wallet+CoreDataClass.swift */ = {isa = PBXFileReference; lastKnownFileType = sourcecode.swift; path = "Wallet+CoreDataClass.swift"; sourceTree = "<group>"; };
		3FC3495D27049752005C3190 /* Wallet+CoreDataProperties.swift */ = {isa = PBXFileReference; lastKnownFileType = sourcecode.swift; path = "Wallet+CoreDataProperties.swift"; sourceTree = "<group>"; };
		3FC7815127059DBF00D5BECD /* ColorThemeViewModel.swift */ = {isa = PBXFileReference; lastKnownFileType = sourcecode.swift; path = ColorThemeViewModel.swift; sourceTree = "<group>"; };
		3FCD69572705F0330009DD5A /* CurrencyViewModel.swift */ = {isa = PBXFileReference; lastKnownFileType = sourcecode.swift; path = CurrencyViewModel.swift; sourceTree = "<group>"; };
		840FB0FC26FB8E3E0088FAF1 /* RSTask12.app */ = {isa = PBXFileReference; explicitFileType = wrapper.application; includeInIndex = 0; path = RSTask12.app; sourceTree = BUILT_PRODUCTS_DIR; };
		840FB0FF26FB8E3E0088FAF1 /* AppDelegate.swift */ = {isa = PBXFileReference; lastKnownFileType = sourcecode.swift; path = AppDelegate.swift; sourceTree = "<group>"; };
		840FB10126FB8E3E0088FAF1 /* SceneDelegate.swift */ = {isa = PBXFileReference; lastKnownFileType = sourcecode.swift; path = SceneDelegate.swift; sourceTree = "<group>"; };
		840FB10B26FB8E480088FAF1 /* Assets.xcassets */ = {isa = PBXFileReference; lastKnownFileType = folder.assetcatalog; path = Assets.xcassets; sourceTree = "<group>"; };
		840FB10E26FB8E480088FAF1 /* Base */ = {isa = PBXFileReference; lastKnownFileType = file.storyboard; name = Base; path = Base.lproj/LaunchScreen.storyboard; sourceTree = "<group>"; };
		840FB11026FB8E480088FAF1 /* Info.plist */ = {isa = PBXFileReference; lastKnownFileType = text.plist.xml; path = Info.plist; sourceTree = "<group>"; };
		841A6A322708EA0100E5DE6E /* TransactionSettingsController.swift */ = {isa = PBXFileReference; lastKnownFileType = sourcecode.swift; path = TransactionSettingsController.swift; sourceTree = "<group>"; };
		841A6A332708EA0100E5DE6E /* TransactionSettingsController.xib */ = {isa = PBXFileReference; lastKnownFileType = file.xib; path = TransactionSettingsController.xib; sourceTree = "<group>"; };
		841A6A392708EA3A00E5DE6E /* CategoryCell.swift */ = {isa = PBXFileReference; lastKnownFileType = sourcecode.swift; path = CategoryCell.swift; sourceTree = "<group>"; };
		841A6A3A2708EA3A00E5DE6E /* CategoryCell.xib */ = {isa = PBXFileReference; lastKnownFileType = file.xib; path = CategoryCell.xib; sourceTree = "<group>"; };
		841A6A412708F1A200E5DE6E /* TransactionCategoryViewModel.swift */ = {isa = PBXFileReference; lastKnownFileType = sourcecode.swift; path = TransactionCategoryViewModel.swift; sourceTree = "<group>"; };
		841E282E2700F2020022D36F /* WalletInfo.swift */ = {isa = PBXFileReference; lastKnownFileType = sourcecode.swift; path = WalletInfo.swift; sourceTree = "<group>"; };
		841E28322700F2170022D36F /* TransactionInfo.swift */ = {isa = PBXFileReference; lastKnownFileType = sourcecode.swift; path = TransactionInfo.swift; sourceTree = "<group>"; };
		84574F862704535900476961 /* UIImageView + animation.swift */ = {isa = PBXFileReference; lastKnownFileType = sourcecode.swift; path = "UIImageView + animation.swift"; sourceTree = "<group>"; };
		84574F8A27045ED500476961 /* TextView.swift */ = {isa = PBXFileReference; lastKnownFileType = sourcecode.swift; path = TextView.swift; sourceTree = "<group>"; };
		84FED08A26FFB07500A5ACA2 /* ColorTheme.swift */ = {isa = PBXFileReference; lastKnownFileType = sourcecode.swift; path = ColorTheme.swift; sourceTree = "<group>"; };
/* End PBXFileReference section */

/* Begin PBXFrameworksBuildPhase section */
		840FB0F926FB8E3E0088FAF1 /* Frameworks */ = {
			isa = PBXFrameworksBuildPhase;
			buildActionMask = 2147483647;
			files = (
				3F8F474D281EF87500A077A0 /* RxCocoa in Frameworks */,
				3F8F4754281EF96700A077A0 /* FirebaseAuth in Frameworks */,
				3F8F473F281EE0F100A077A0 /* Alertift in Frameworks */,
				3F8F4751281EF87500A077A0 /* RxSwift in Frameworks */,
				3F8F474F281EF87500A077A0 /* RxRelay in Frameworks */,
				3F8F4758281EF96700A077A0 /* FirebaseStorage in Frameworks */,
				3F8F4742281EE57500A077A0 /* IQKeyboardManagerSwift in Frameworks */,
				3F8F4756281EF96700A077A0 /* FirebaseFirestore in Frameworks */,
			);
			runOnlyForDeploymentPostprocessing = 0;
		};
/* End PBXFrameworksBuildPhase section */

/* Begin PBXGroup section */
		3F2405A726FDE3B40011BD49 /* Currency */ = {
			isa = PBXGroup;
			children = (
				3F2405AE26FDE8850011BD49 /* CurrencyCell.swift */,
				3F2405AF26FDE8850011BD49 /* CurrencyCell.xib */,
				3FCD69572705F0330009DD5A /* CurrencyViewModel.swift */,
			);
			path = Currency;
			sourceTree = "<group>";
		};
		3F2405A826FDE3D40011BD49 /* Transactions */ = {
			isa = PBXGroup;
			children = (
				3F6DB281270D800500D88D70 /* TransactionListViewModel.swift */,
				3F2405B426FDE9E00011BD49 /* TransactionCell.swift */,
				3F2405B526FDE9E00011BD49 /* TransactionCell.xib */,
				3F2405B826FE07B00011BD49 /* TransactionCellViewModel.swift */,
			);
			path = Transactions;
			sourceTree = "<group>";
		};
		3F2405A926FDE4360011BD49 /* Color Themes */ = {
			isa = PBXGroup;
			children = (
				3F2405AA26FDE4900011BD49 /* ColorCell.swift */,
				3F2405AB26FDE4900011BD49 /* ColorCell.xib */,
				3FC7815127059DBF00D5BECD /* ColorThemeViewModel.swift */,
			);
			path = "Color Themes";
			sourceTree = "<group>";
		};
		3F246E352701EA29000D1C61 /* CoreData */ = {
			isa = PBXGroup;
			children = (
				3FC3495C27049752005C3190 /* Wallet+CoreDataClass.swift */,
				3FC3495D27049752005C3190 /* Wallet+CoreDataProperties.swift */,
				3F7420DC270B4B0000EE3BE4 /* Transaction+CoreDataClass.swift */,
				3F7420DD270B4B0000EE3BE4 /* Transaction+CoreDataProperties.swift */,
			);
			path = CoreData;
			sourceTree = "<group>";
		};
		3F246E362701EE53000D1C61 /* Coordinator */ = {
			isa = PBXGroup;
			children = (
				3F246E372701EED4000D1C61 /* Coordinator.swift */,
			);
			path = Coordinator;
			sourceTree = "<group>";
		};
		3F246E3B2701F263000D1C61 /* CoreData */ = {
			isa = PBXGroup;
			children = (
				3F246E3C2701F285000D1C61 /* CoreDataService.swift */,
			);
			path = CoreData;
			sourceTree = "<group>";
		};
		3F246E402701F7B1000D1C61 /* Generic Controller */ = {
			isa = PBXGroup;
			children = (
				3F246E412701FAFF000D1C61 /* CollectionViewLayout.swift */,
				3F246E3E2701F76C000D1C61 /* CollectionController.swift */,
			);
			path = "Generic Controller";
			sourceTree = "<group>";
		};
		3F2AEA0427030A7300951141 /* Wallet */ = {
			isa = PBXGroup;
			children = (
				3F2AEA0527030A9100951141 /* WalletController.swift */,
				3F2AEA0627030A9100951141 /* WalletController.xib */,
				3F81C6CC270AE02E000A6704 /* WalletViewModel.swift */,
			);
			path = Wallet;
			sourceTree = "<group>";
		};
		3F2DD8F727046EE000763756 /* Helpers */ = {
			isa = PBXGroup;
			children = (
				84574F862704535900476961 /* UIImageView + animation.swift */,
				3F2AE9FB2702DDC900951141 /* Currency.swift */,
				3F2DD8F82704721600763756 /* Date.swift */,
				3F8F4759281EF99400A077A0 /* String+Credentials.swift */,
			);
			path = Helpers;
			sourceTree = "<group>";
		};
		3F37C85826FC7D05009F4EF4 /* Wallet List */ = {
			isa = PBXGroup;
			children = (
				3F7D4EFC26FCA1960086616F /* Cell */,
				3F37C85926FC7D42009F4EF4 /* WalletListController.swift */,
				3F37C85A26FC7D42009F4EF4 /* WalletListController.xib */,
				3F246E392701F1E5000D1C61 /* WalletListViewModel.swift */,
			);
			path = "Wallet List";
			sourceTree = "<group>";
		};
		3F37C86126FC89AE009F4EF4 /* Fonts */ = {
			isa = PBXGroup;
			children = (
				3F7D4F0126FCAAB30086616F /* Montserrat-Regular.ttf */,
				3F37C86426FC89E0009F4EF4 /* Montserrat-SemiBold.ttf */,
				3F37C86226FC89D4009F4EF4 /* Montserrat-Medium.ttf */,
			);
			path = Fonts;
			sourceTree = "<group>";
		};
		3F7D4EFC26FCA1960086616F /* Cell */ = {
			isa = PBXGroup;
			children = (
				3F7D4EFD26FCA1C40086616F /* WalletCell.swift */,
				3F2AE9FE2702E81300951141 /* WalletCellViewModel.swift */,
				3F7D4EFE26FCA1C40086616F /* WalletCell.xib */,
			);
			path = Cell;
			sourceTree = "<group>";
		};
		3F7D4F0326FCB4A10086616F /* Wallet Settings */ = {
			isa = PBXGroup;
			children = (
				3F7D4F0426FCC05F0086616F /* SettingsController.swift */,
				3F7D4F0526FCC05F0086616F /* SettingsController.xib */,
				3F2AEA002702F6A600951141 /* NewWalletViewModel.swift */,
				3F2AEA022702F6D400951141 /* WalletEditingViewModel.swift */,
			);
			path = "Wallet Settings";
			sourceTree = "<group>";
		};
		3F8F4743281EEE7F00A077A0 /* Auth */ = {
			isa = PBXGroup;
			children = (
				3F8F4744281EEE9400A077A0 /* AuthViewController.swift */,
				3F8F4745281EEE9400A077A0 /* AuthViewController.xib */,
				3F8F4749281EF81F00A077A0 /* AuthViewModel.swift */,
			);
			path = Auth;
			sourceTree = "<group>";
		};
		3F8F4748281EF71700A077A0 /* FirebaseService */ = {
			isa = PBXGroup;
			children = (
				3F8F475D281EFAC800A077A0 /* FirebaseService.swift */,
			);
			path = FirebaseService;
			sourceTree = "<group>";
		};
		3F923189270C92C800655EB8 /* Transaction */ = {
			isa = PBXGroup;
			children = (
				3F92318A270C92E100655EB8 /* TransactionController.swift */,
				3F92318B270C92E100655EB8 /* TransactionController.xib */,
				3F92318E270C9BCC00655EB8 /* TransactionViewModel.swift */,
			);
			path = Transaction;
			sourceTree = "<group>";
		};
		840FB0F326FB8E3E0088FAF1 = {
			isa = PBXGroup;
			children = (
				840FB0FE26FB8E3E0088FAF1 /* RSTask12 */,
				3FC34959270495CA005C3190 /* RSTask12.xcdatamodeld */,
				840FB0FD26FB8E3E0088FAF1 /* Products */,
			);
			sourceTree = "<group>";
		};
		840FB0FD26FB8E3E0088FAF1 /* Products */ = {
			isa = PBXGroup;
			children = (
				840FB0FC26FB8E3E0088FAF1 /* RSTask12.app */,
			);
			name = Products;
			sourceTree = "<group>";
		};
		840FB0FE26FB8E3E0088FAF1 /* RSTask12 */ = {
			isa = PBXGroup;
			children = (
				3F8F4748281EF71700A077A0 /* FirebaseService */,
				3F2DD8F727046EE000763756 /* Helpers */,
				3F246E3B2701F263000D1C61 /* CoreData */,
				3F246E362701EE53000D1C61 /* Coordinator */,
				84FED08426FFA8B800A5ACA2 /* Model */,
				840FB13F26FB8FE30088FAF1 /* Resources */,
				840FB13D26FB8FC00088FAF1 /* Screens */,
				840FB13C26FB8FB30088FAF1 /* Custom View */,
				840FB13B26FB8F0A0088FAF1 /* AppDelegate */,
				3F8F475B281EFA6600A077A0 /* Service.swift */,
			);
			path = RSTask12;
			sourceTree = "<group>";
		};
		840FB13B26FB8F0A0088FAF1 /* AppDelegate */ = {
			isa = PBXGroup;
			children = (
				840FB0FF26FB8E3E0088FAF1 /* AppDelegate.swift */,
				840FB10126FB8E3E0088FAF1 /* SceneDelegate.swift */,
			);
			path = AppDelegate;
			sourceTree = "<group>";
		};
		840FB13C26FB8FB30088FAF1 /* Custom View */ = {
			isa = PBXGroup;
			children = (
				3F37C85D26FC831F009F4EF4 /* GlassBar.swift */,
				3F37C85F26FC8352009F4EF4 /* GlassBar.xib */,
				3F2405BA26FE139C0011BD49 /* GlassButton.swift */,
				3F37C85526FC7705009F4EF4 /* GlassView.swift */,
				3F2405BC26FE17AD0011BD49 /* BarButton.swift */,
				3F246E292701ADD7000D1C61 /* GlassSegmentControl.swift */,
				3F246E2B2701ADE9000D1C61 /* GlassSegmentControl.xib */,
				3F246E4F27020AEB000D1C61 /* TextField.swift */,
				84574F8A27045ED500476961 /* TextView.swift */,
			);
			path = "Custom View";
			sourceTree = "<group>";
		};
		840FB13D26FB8FC00088FAF1 /* Screens */ = {
			isa = PBXGroup;
			children = (
				3F8F4743281EEE7F00A077A0 /* Auth */,
				3F923189270C92C800655EB8 /* Transaction */,
				841A6A382708EA1600E5DE6E /* Transaction Category */,
				841A6A312708E98200E5DE6E /* Transaction Settings */,
				3F2AEA0427030A7300951141 /* Wallet */,
				3F246E402701F7B1000D1C61 /* Generic Controller */,
				3F2405A926FDE4360011BD49 /* Color Themes */,
				3F2405A826FDE3D40011BD49 /* Transactions */,
				3F2405A726FDE3B40011BD49 /* Currency */,
				3F7D4F0326FCB4A10086616F /* Wallet Settings */,
				3F37C85826FC7D05009F4EF4 /* Wallet List */,
			);
			path = Screens;
			sourceTree = "<group>";
		};
		840FB13F26FB8FE30088FAF1 /* Resources */ = {
			isa = PBXGroup;
			children = (
				3F37C86126FC89AE009F4EF4 /* Fonts */,
				840FB11026FB8E480088FAF1 /* Info.plist */,
				840FB10D26FB8E480088FAF1 /* LaunchScreen.storyboard */,
				840FB10B26FB8E480088FAF1 /* Assets.xcassets */,
				3F37C85326FC6867009F4EF4 /* Assets.swift */,
			);
			path = Resources;
			sourceTree = "<group>";
		};
		841A6A312708E98200E5DE6E /* Transaction Settings */ = {
			isa = PBXGroup;
			children = (
				841A6A322708EA0100E5DE6E /* TransactionSettingsController.swift */,
				841A6A332708EA0100E5DE6E /* TransactionSettingsController.xib */,
				3F923185270C921200655EB8 /* NewTransactionViewModel.swift */,
				3F923187270C922A00655EB8 /* TransactionEditingViewModel.swift */,
			);
			path = "Transaction Settings";
			sourceTree = "<group>";
		};
		841A6A382708EA1600E5DE6E /* Transaction Category */ = {
			isa = PBXGroup;
			children = (
				841A6A392708EA3A00E5DE6E /* CategoryCell.swift */,
				841A6A3A2708EA3A00E5DE6E /* CategoryCell.xib */,
				841A6A412708F1A200E5DE6E /* TransactionCategoryViewModel.swift */,
			);
			path = "Transaction Category";
			sourceTree = "<group>";
		};
		84FED08426FFA8B800A5ACA2 /* Model */ = {
			isa = PBXGroup;
			children = (
				3F246E352701EA29000D1C61 /* CoreData */,
				84FED08A26FFB07500A5ACA2 /* ColorTheme.swift */,
				841E282E2700F2020022D36F /* WalletInfo.swift */,
				841E28322700F2170022D36F /* TransactionInfo.swift */,
			);
			path = Model;
			sourceTree = "<group>";
		};
/* End PBXGroup section */

/* Begin PBXNativeTarget section */
		840FB0FB26FB8E3E0088FAF1 /* RSTask12 */ = {
			isa = PBXNativeTarget;
			buildConfigurationList = 840FB12926FB8E490088FAF1 /* Build configuration list for PBXNativeTarget "RSTask12" */;
			buildPhases = (
				840FB0F826FB8E3E0088FAF1 /* Sources */,
				840FB0F926FB8E3E0088FAF1 /* Frameworks */,
				840FB0FA26FB8E3E0088FAF1 /* Resources */,
			);
			buildRules = (
			);
			dependencies = (
			);
			name = RSTask12;
			packageProductDependencies = (
				3F8F473E281EE0F100A077A0 /* Alertift */,
				3F8F4741281EE57500A077A0 /* IQKeyboardManagerSwift */,
				3F8F474C281EF87500A077A0 /* RxCocoa */,
				3F8F474E281EF87500A077A0 /* RxRelay */,
				3F8F4750281EF87500A077A0 /* RxSwift */,
				3F8F4753281EF96700A077A0 /* FirebaseAuth */,
				3F8F4755281EF96700A077A0 /* FirebaseFirestore */,
				3F8F4757281EF96700A077A0 /* FirebaseStorage */,
			);
			productName = RSTask12;
			productReference = 840FB0FC26FB8E3E0088FAF1 /* RSTask12.app */;
			productType = "com.apple.product-type.application";
		};
/* End PBXNativeTarget section */

/* Begin PBXProject section */
		840FB0F426FB8E3E0088FAF1 /* Project object */ = {
			isa = PBXProject;
			attributes = {
				LastSwiftUpdateCheck = 1240;
				LastUpgradeCheck = 1240;
				TargetAttributes = {
					840FB0FB26FB8E3E0088FAF1 = {
						CreatedOnToolsVersion = 12.4;
					};
				};
			};
			buildConfigurationList = 840FB0F726FB8E3E0088FAF1 /* Build configuration list for PBXProject "RSTask12" */;
			compatibilityVersion = "Xcode 9.3";
			developmentRegion = en;
			hasScannedForEncodings = 0;
			knownRegions = (
				en,
				Base,
			);
			mainGroup = 840FB0F326FB8E3E0088FAF1;
			packageReferences = (
				3F8F473D281EE0F100A077A0 /* XCRemoteSwiftPackageReference "Alertift" */,
				3F8F4740281EE57500A077A0 /* XCRemoteSwiftPackageReference "IQKeyboardManager" */,
				3F8F474B281EF87500A077A0 /* XCRemoteSwiftPackageReference "RxSwift" */,
				3F8F4752281EF96700A077A0 /* XCRemoteSwiftPackageReference "firebase-ios-sdk" */,
			);
			productRefGroup = 840FB0FD26FB8E3E0088FAF1 /* Products */;
			projectDirPath = "";
			projectRoot = "";
			targets = (
				840FB0FB26FB8E3E0088FAF1 /* RSTask12 */,
			);
		};
/* End PBXProject section */

/* Begin PBXResourcesBuildPhase section */
		840FB0FA26FB8E3E0088FAF1 /* Resources */ = {
			isa = PBXResourcesBuildPhase;
			buildActionMask = 2147483647;
			files = (
				3F92318D270C92E100655EB8 /* TransactionController.xib in Resources */,
				3F7D4F0226FCAAB30086616F /* Montserrat-Regular.ttf in Resources */,
				3F37C86526FC89E0009F4EF4 /* Montserrat-SemiBold.ttf in Resources */,
				3F2405B726FDE9E00011BD49 /* TransactionCell.xib in Resources */,
				3F8F4747281EEE9400A077A0 /* AuthViewController.xib in Resources */,
				3F7D4F0026FCA1C40086616F /* WalletCell.xib in Resources */,
				841A6A3C2708EA3A00E5DE6E /* CategoryCell.xib in Resources */,
				3F2405AD26FDE4900011BD49 /* ColorCell.xib in Resources */,
				3F37C86026FC8352009F4EF4 /* GlassBar.xib in Resources */,
				841A6A352708EA0100E5DE6E /* TransactionSettingsController.xib in Resources */,
				3F2AEA0827030A9100951141 /* WalletController.xib in Resources */,
				3F37C86326FC89D4009F4EF4 /* Montserrat-Medium.ttf in Resources */,
				3F2405B126FDE8850011BD49 /* CurrencyCell.xib in Resources */,
				840FB10F26FB8E480088FAF1 /* LaunchScreen.storyboard in Resources */,
				3F37C85C26FC7D42009F4EF4 /* WalletListController.xib in Resources */,
				3F7D4F0726FCC05F0086616F /* SettingsController.xib in Resources */,
				840FB10C26FB8E480088FAF1 /* Assets.xcassets in Resources */,
				3F246E2C2701ADE9000D1C61 /* GlassSegmentControl.xib in Resources */,
			);
			runOnlyForDeploymentPostprocessing = 0;
		};
/* End PBXResourcesBuildPhase section */

/* Begin PBXSourcesBuildPhase section */
		840FB0F826FB8E3E0088FAF1 /* Sources */ = {
			isa = PBXSourcesBuildPhase;
			buildActionMask = 2147483647;
			files = (
				3F246E2A2701ADD7000D1C61 /* GlassSegmentControl.swift in Sources */,
				3F8F475C281EFA6600A077A0 /* Service.swift in Sources */,
				3FCD69582705F0330009DD5A /* CurrencyViewModel.swift in Sources */,
				3F2405B026FDE8850011BD49 /* CurrencyCell.swift in Sources */,
				3FC3496127049752005C3190 /* Wallet+CoreDataProperties.swift in Sources */,
				3F2405B926FE07B00011BD49 /* TransactionCellViewModel.swift in Sources */,
				3F2405AC26FDE4900011BD49 /* ColorCell.swift in Sources */,
				3F7D4F0626FCC05F0086616F /* SettingsController.swift in Sources */,
				3F37C85B26FC7D42009F4EF4 /* WalletListController.swift in Sources */,
				3F246E382701EED4000D1C61 /* Coordinator.swift in Sources */,
				841E282F2700F2020022D36F /* WalletInfo.swift in Sources */,
				841A6A342708EA0100E5DE6E /* TransactionSettingsController.swift in Sources */,
				3F2AEA0727030A9100951141 /* WalletController.swift in Sources */,
				3F246E422701FAFF000D1C61 /* CollectionViewLayout.swift in Sources */,
				840FB10026FB8E3E0088FAF1 /* AppDelegate.swift in Sources */,
				841A6A422708F1A200E5DE6E /* TransactionCategoryViewModel.swift in Sources */,
				3F81C6CD270AE02E000A6704 /* WalletViewModel.swift in Sources */,
				3FC3496027049752005C3190 /* Wallet+CoreDataClass.swift in Sources */,
				3F8F4746281EEE9400A077A0 /* AuthViewController.swift in Sources */,
				3F8F475E281EFAC800A077A0 /* FirebaseService.swift in Sources */,
				841A6A3B2708EA3A00E5DE6E /* CategoryCell.swift in Sources */,
				3F7420DF270B4B0000EE3BE4 /* Transaction+CoreDataProperties.swift in Sources */,
				3F8F474A281EF81F00A077A0 /* AuthViewModel.swift in Sources */,
				84574F8B27045ED500476961 /* TextView.swift in Sources */,
				3F2405BB26FE139C0011BD49 /* GlassButton.swift in Sources */,
				84FED08B26FFB07500A5ACA2 /* ColorTheme.swift in Sources */,
				3F92318F270C9BCC00655EB8 /* TransactionViewModel.swift in Sources */,
				3F37C85626FC7705009F4EF4 /* GlassView.swift in Sources */,
				3F246E3D2701F285000D1C61 /* CoreDataService.swift in Sources */,
				3F7D4EFF26FCA1C40086616F /* WalletCell.swift in Sources */,
				3F2AE9FC2702DDCA00951141 /* Currency.swift in Sources */,
				3F8F475A281EF99400A077A0 /* String+Credentials.swift in Sources */,
				3F2405BD26FE17AD0011BD49 /* BarButton.swift in Sources */,
				3F92318C270C92E100655EB8 /* TransactionController.swift in Sources */,
				3F2AEA012702F6A600951141 /* NewWalletViewModel.swift in Sources */,
				3F923186270C921200655EB8 /* NewTransactionViewModel.swift in Sources */,
				3FC7815227059DBF00D5BECD /* ColorThemeViewModel.swift in Sources */,
				3F6DB282270D800500D88D70 /* TransactionListViewModel.swift in Sources */,
				3F7420DE270B4B0000EE3BE4 /* Transaction+CoreDataClass.swift in Sources */,
				3FC3495B270495CA005C3190 /* RSTask12.xcdatamodeld in Sources */,
				3F2AE9FF2702E81300951141 /* WalletCellViewModel.swift in Sources */,
				3F246E5027020AEB000D1C61 /* TextField.swift in Sources */,
				3F246E3A2701F1E5000D1C61 /* WalletListViewModel.swift in Sources */,
				84574F872704535900476961 /* UIImageView + animation.swift in Sources */,
				841E28332700F2170022D36F /* TransactionInfo.swift in Sources */,
				3F2405B626FDE9E00011BD49 /* TransactionCell.swift in Sources */,
				3F37C85426FC6867009F4EF4 /* Assets.swift in Sources */,
				3F246E3F2701F76C000D1C61 /* CollectionController.swift in Sources */,
				3F37C85E26FC831F009F4EF4 /* GlassBar.swift in Sources */,
				3F923188270C922A00655EB8 /* TransactionEditingViewModel.swift in Sources */,
				3F2AEA032702F6D400951141 /* WalletEditingViewModel.swift in Sources */,
				3F2DD8F92704721600763756 /* Date.swift in Sources */,
				840FB10226FB8E3E0088FAF1 /* SceneDelegate.swift in Sources */,
			);
			runOnlyForDeploymentPostprocessing = 0;
		};
/* End PBXSourcesBuildPhase section */

/* Begin PBXVariantGroup section */
		840FB10D26FB8E480088FAF1 /* LaunchScreen.storyboard */ = {
			isa = PBXVariantGroup;
			children = (
				840FB10E26FB8E480088FAF1 /* Base */,
			);
			name = LaunchScreen.storyboard;
			sourceTree = "<group>";
		};
/* End PBXVariantGroup section */

/* Begin XCBuildConfiguration section */
		840FB12726FB8E490088FAF1 /* Debug */ = {
			isa = XCBuildConfiguration;
			buildSettings = {
				ALWAYS_SEARCH_USER_PATHS = NO;
				CLANG_ANALYZER_NONNULL = YES;
				CLANG_ANALYZER_NUMBER_OBJECT_CONVERSION = YES_AGGRESSIVE;
				CLANG_CXX_LANGUAGE_STANDARD = "gnu++14";
				CLANG_CXX_LIBRARY = "libc++";
				CLANG_ENABLE_MODULES = YES;
				CLANG_ENABLE_OBJC_ARC = YES;
				CLANG_ENABLE_OBJC_WEAK = YES;
				CLANG_WARN_BLOCK_CAPTURE_AUTORELEASING = YES;
				CLANG_WARN_BOOL_CONVERSION = YES;
				CLANG_WARN_COMMA = YES;
				CLANG_WARN_CONSTANT_CONVERSION = YES;
				CLANG_WARN_DEPRECATED_OBJC_IMPLEMENTATIONS = YES;
				CLANG_WARN_DIRECT_OBJC_ISA_USAGE = YES_ERROR;
				CLANG_WARN_DOCUMENTATION_COMMENTS = YES;
				CLANG_WARN_EMPTY_BODY = YES;
				CLANG_WARN_ENUM_CONVERSION = YES;
				CLANG_WARN_INFINITE_RECURSION = YES;
				CLANG_WARN_INT_CONVERSION = YES;
				CLANG_WARN_NON_LITERAL_NULL_CONVERSION = YES;
				CLANG_WARN_OBJC_IMPLICIT_RETAIN_SELF = YES;
				CLANG_WARN_OBJC_LITERAL_CONVERSION = YES;
				CLANG_WARN_OBJC_ROOT_CLASS = YES_ERROR;
				CLANG_WARN_QUOTED_INCLUDE_IN_FRAMEWORK_HEADER = YES;
				CLANG_WARN_RANGE_LOOP_ANALYSIS = YES;
				CLANG_WARN_STRICT_PROTOTYPES = YES;
				CLANG_WARN_SUSPICIOUS_MOVE = YES;
				CLANG_WARN_UNGUARDED_AVAILABILITY = YES_AGGRESSIVE;
				CLANG_WARN_UNREACHABLE_CODE = YES;
				CLANG_WARN__DUPLICATE_METHOD_MATCH = YES;
				COPY_PHASE_STRIP = NO;
				DEBUG_INFORMATION_FORMAT = dwarf;
				ENABLE_STRICT_OBJC_MSGSEND = YES;
				ENABLE_TESTABILITY = YES;
				GCC_C_LANGUAGE_STANDARD = gnu11;
				GCC_DYNAMIC_NO_PIC = NO;
				GCC_NO_COMMON_BLOCKS = YES;
				GCC_OPTIMIZATION_LEVEL = 0;
				GCC_PREPROCESSOR_DEFINITIONS = (
					"DEBUG=1",
					"$(inherited)",
				);
				GCC_WARN_64_TO_32_BIT_CONVERSION = YES;
				GCC_WARN_ABOUT_RETURN_TYPE = YES_ERROR;
				GCC_WARN_UNDECLARED_SELECTOR = YES;
				GCC_WARN_UNINITIALIZED_AUTOS = YES_AGGRESSIVE;
				GCC_WARN_UNUSED_FUNCTION = YES;
				GCC_WARN_UNUSED_VARIABLE = YES;
				IPHONEOS_DEPLOYMENT_TARGET = 14.4;
				MTL_ENABLE_DEBUG_INFO = INCLUDE_SOURCE;
				MTL_FAST_MATH = YES;
				ONLY_ACTIVE_ARCH = YES;
				SDKROOT = iphoneos;
				SWIFT_ACTIVE_COMPILATION_CONDITIONS = DEBUG;
				SWIFT_OPTIMIZATION_LEVEL = "-Onone";
			};
			name = Debug;
		};
		840FB12826FB8E490088FAF1 /* Release */ = {
			isa = XCBuildConfiguration;
			buildSettings = {
				ALWAYS_SEARCH_USER_PATHS = NO;
				CLANG_ANALYZER_NONNULL = YES;
				CLANG_ANALYZER_NUMBER_OBJECT_CONVERSION = YES_AGGRESSIVE;
				CLANG_CXX_LANGUAGE_STANDARD = "gnu++14";
				CLANG_CXX_LIBRARY = "libc++";
				CLANG_ENABLE_MODULES = YES;
				CLANG_ENABLE_OBJC_ARC = YES;
				CLANG_ENABLE_OBJC_WEAK = YES;
				CLANG_WARN_BLOCK_CAPTURE_AUTORELEASING = YES;
				CLANG_WARN_BOOL_CONVERSION = YES;
				CLANG_WARN_COMMA = YES;
				CLANG_WARN_CONSTANT_CONVERSION = YES;
				CLANG_WARN_DEPRECATED_OBJC_IMPLEMENTATIONS = YES;
				CLANG_WARN_DIRECT_OBJC_ISA_USAGE = YES_ERROR;
				CLANG_WARN_DOCUMENTATION_COMMENTS = YES;
				CLANG_WARN_EMPTY_BODY = YES;
				CLANG_WARN_ENUM_CONVERSION = YES;
				CLANG_WARN_INFINITE_RECURSION = YES;
				CLANG_WARN_INT_CONVERSION = YES;
				CLANG_WARN_NON_LITERAL_NULL_CONVERSION = YES;
				CLANG_WARN_OBJC_IMPLICIT_RETAIN_SELF = YES;
				CLANG_WARN_OBJC_LITERAL_CONVERSION = YES;
				CLANG_WARN_OBJC_ROOT_CLASS = YES_ERROR;
				CLANG_WARN_QUOTED_INCLUDE_IN_FRAMEWORK_HEADER = YES;
				CLANG_WARN_RANGE_LOOP_ANALYSIS = YES;
				CLANG_WARN_STRICT_PROTOTYPES = YES;
				CLANG_WARN_SUSPICIOUS_MOVE = YES;
				CLANG_WARN_UNGUARDED_AVAILABILITY = YES_AGGRESSIVE;
				CLANG_WARN_UNREACHABLE_CODE = YES;
				CLANG_WARN__DUPLICATE_METHOD_MATCH = YES;
				COPY_PHASE_STRIP = NO;
				DEBUG_INFORMATION_FORMAT = "dwarf-with-dsym";
				ENABLE_NS_ASSERTIONS = NO;
				ENABLE_STRICT_OBJC_MSGSEND = YES;
				GCC_C_LANGUAGE_STANDARD = gnu11;
				GCC_NO_COMMON_BLOCKS = YES;
				GCC_WARN_64_TO_32_BIT_CONVERSION = YES;
				GCC_WARN_ABOUT_RETURN_TYPE = YES_ERROR;
				GCC_WARN_UNDECLARED_SELECTOR = YES;
				GCC_WARN_UNINITIALIZED_AUTOS = YES_AGGRESSIVE;
				GCC_WARN_UNUSED_FUNCTION = YES;
				GCC_WARN_UNUSED_VARIABLE = YES;
				IPHONEOS_DEPLOYMENT_TARGET = 14.4;
				MTL_ENABLE_DEBUG_INFO = NO;
				MTL_FAST_MATH = YES;
				SDKROOT = iphoneos;
				SWIFT_COMPILATION_MODE = wholemodule;
				SWIFT_OPTIMIZATION_LEVEL = "-O";
				VALIDATE_PRODUCT = YES;
			};
			name = Release;
		};
		840FB12A26FB8E490088FAF1 /* Debug */ = {
			isa = XCBuildConfiguration;
			buildSettings = {
				ASSETCATALOG_COMPILER_APPICON_NAME = AppIcon;
				ASSETCATALOG_COMPILER_GLOBAL_ACCENT_COLOR_NAME = AccentColor;
				CODE_SIGN_STYLE = Automatic;
				DEVELOPMENT_TEAM = 9G6V47L895;
				INFOPLIST_FILE = RSTask12/Resources/Info.plist;
				IPHONEOS_DEPLOYMENT_TARGET = 13.0;
				LD_RUNPATH_SEARCH_PATHS = (
					"$(inherited)",
					"@executable_path/Frameworks",
				);
				PRODUCT_BUNDLE_IDENTIFIER = "Ivan-Budovich.RSTask12";
				PRODUCT_NAME = "$(TARGET_NAME)";
				SWIFT_VERSION = 5.0;
				TARGETED_DEVICE_FAMILY = "1,2";
			};
			name = Debug;
		};
		840FB12B26FB8E490088FAF1 /* Release */ = {
			isa = XCBuildConfiguration;
			buildSettings = {
				ASSETCATALOG_COMPILER_APPICON_NAME = AppIcon;
				ASSETCATALOG_COMPILER_GLOBAL_ACCENT_COLOR_NAME = AccentColor;
				CODE_SIGN_STYLE = Automatic;
				DEVELOPMENT_TEAM = 9G6V47L895;
				INFOPLIST_FILE = RSTask12/Resources/Info.plist;
				IPHONEOS_DEPLOYMENT_TARGET = 13.0;
				LD_RUNPATH_SEARCH_PATHS = (
					"$(inherited)",
					"@executable_path/Frameworks",
				);
				PRODUCT_BUNDLE_IDENTIFIER = "Ivan-Budovich.RSTask12";
				PRODUCT_NAME = "$(TARGET_NAME)";
				SWIFT_VERSION = 5.0;
				TARGETED_DEVICE_FAMILY = "1,2";
			};
			name = Release;
		};
/* End XCBuildConfiguration section */

/* Begin XCConfigurationList section */
		840FB0F726FB8E3E0088FAF1 /* Build configuration list for PBXProject "RSTask12" */ = {
			isa = XCConfigurationList;
			buildConfigurations = (
				840FB12726FB8E490088FAF1 /* Debug */,
				840FB12826FB8E490088FAF1 /* Release */,
			);
			defaultConfigurationIsVisible = 0;
			defaultConfigurationName = Release;
		};
		840FB12926FB8E490088FAF1 /* Build configuration list for PBXNativeTarget "RSTask12" */ = {
			isa = XCConfigurationList;
			buildConfigurations = (
				840FB12A26FB8E490088FAF1 /* Debug */,
				840FB12B26FB8E490088FAF1 /* Release */,
			);
			defaultConfigurationIsVisible = 0;
			defaultConfigurationName = Release;
		};
/* End XCConfigurationList section */

/* Begin XCRemoteSwiftPackageReference section */
		3F8F473D281EE0F100A077A0 /* XCRemoteSwiftPackageReference "Alertift" */ = {
			isa = XCRemoteSwiftPackageReference;
			repositoryURL = "https://github.com/sgr-ksmt/Alertift.git";
			requirement = {
				kind = upToNextMajorVersion;
				minimumVersion = 4.0.0;
			};
		};
		3F8F4740281EE57500A077A0 /* XCRemoteSwiftPackageReference "IQKeyboardManager" */ = {
			isa = XCRemoteSwiftPackageReference;
			repositoryURL = "git@github.com:hackiftekhar/IQKeyboardManager.git";
			requirement = {
				branch = master;
				kind = branch;
			};
		};
		3F8F474B281EF87500A077A0 /* XCRemoteSwiftPackageReference "RxSwift" */ = {
			isa = XCRemoteSwiftPackageReference;
			repositoryURL = "https://github.com/ReactiveX/RxSwift.git";
			requirement = {
				branch = main;
				kind = branch;
			};
		};
		3F8F4752281EF96700A077A0 /* XCRemoteSwiftPackageReference "firebase-ios-sdk" */ = {
			isa = XCRemoteSwiftPackageReference;
			repositoryURL = "https://github.com/firebase/firebase-ios-sdk";
			requirement = {
				kind = upToNextMajorVersion;
				minimumVersion = 8.0.0;
			};
		};
/* End XCRemoteSwiftPackageReference section */

/* Begin XCSwiftPackageProductDependency section */
		3F8F473E281EE0F100A077A0 /* Alertift */ = {
			isa = XCSwiftPackageProductDependency;
			package = 3F8F473D281EE0F100A077A0 /* XCRemoteSwiftPackageReference "Alertift" */;
			productName = Alertift;
		};
		3F8F4741281EE57500A077A0 /* IQKeyboardManagerSwift */ = {
			isa = XCSwiftPackageProductDependency;
			package = 3F8F4740281EE57500A077A0 /* XCRemoteSwiftPackageReference "IQKeyboardManager" */;
			productName = IQKeyboardManagerSwift;
		};
		3F8F474C281EF87500A077A0 /* RxCocoa */ = {
			isa = XCSwiftPackageProductDependency;
			package = 3F8F474B281EF87500A077A0 /* XCRemoteSwiftPackageReference "RxSwift" */;
			productName = RxCocoa;
		};
		3F8F474E281EF87500A077A0 /* RxRelay */ = {
			isa = XCSwiftPackageProductDependency;
			package = 3F8F474B281EF87500A077A0 /* XCRemoteSwiftPackageReference "RxSwift" */;
			productName = RxRelay;
		};
		3F8F4750281EF87500A077A0 /* RxSwift */ = {
			isa = XCSwiftPackageProductDependency;
			package = 3F8F474B281EF87500A077A0 /* XCRemoteSwiftPackageReference "RxSwift" */;
			productName = RxSwift;
		};
		3F8F4753281EF96700A077A0 /* FirebaseAuth */ = {
			isa = XCSwiftPackageProductDependency;
			package = 3F8F4752281EF96700A077A0 /* XCRemoteSwiftPackageReference "firebase-ios-sdk" */;
			productName = FirebaseAuth;
		};
		3F8F4755281EF96700A077A0 /* FirebaseFirestore */ = {
			isa = XCSwiftPackageProductDependency;
			package = 3F8F4752281EF96700A077A0 /* XCRemoteSwiftPackageReference "firebase-ios-sdk" */;
			productName = FirebaseFirestore;
		};
		3F8F4757281EF96700A077A0 /* FirebaseStorage */ = {
			isa = XCSwiftPackageProductDependency;
			package = 3F8F4752281EF96700A077A0 /* XCRemoteSwiftPackageReference "firebase-ios-sdk" */;
			productName = FirebaseStorage;
		};
/* End XCSwiftPackageProductDependency section */

/* Begin XCVersionGroup section */
		3FC34959270495CA005C3190 /* RSTask12.xcdatamodeld */ = {
			isa = XCVersionGroup;
			children = (
				3FC3495A270495CA005C3190 /* Model.xcdatamodel */,
			);
			currentVersion = 3FC3495A270495CA005C3190 /* Model.xcdatamodel */;
			path = RSTask12.xcdatamodeld;
			sourceTree = "<group>";
			versionGroupType = wrapper.xcdatamodel;
		};
/* End XCVersionGroup section */
	};
	rootObject = 840FB0F426FB8E3E0088FAF1 /* Project object */;
}
